// !$*UTF8*$!
{
	archiveVersion = 1;
	classes = {
	};
	objectVersion = 56;
	objects = {

/* Begin PBXBuildFile section */
		6F0CC3AB2C0727100026CD26 /* CinemaStarApp.swift in Sources */ = {isa = PBXBuildFile; fileRef = 6F0CC3AA2C0727100026CD26 /* CinemaStarApp.swift */; };
		6F0CC3AF2C0729A50026CD26 /* NetworkService.swift in Sources */ = {isa = PBXBuildFile; fileRef = 6F0CC3AE2C0729A50026CD26 /* NetworkService.swift */; };
		6F0CC3B52C072A440026CD26 /* View+Extension.swift in Sources */ = {isa = PBXBuildFile; fileRef = 6F0CC3B42C072A440026CD26 /* View+Extension.swift */; };
		6F0CC3C02C072B240026CD26 /* MoviesInteractor.swift in Sources */ = {isa = PBXBuildFile; fileRef = 6F0CC3BB2C072B240026CD26 /* MoviesInteractor.swift */; };
		6F0CC3C12C072B240026CD26 /* MoviesPresenter.swift in Sources */ = {isa = PBXBuildFile; fileRef = 6F0CC3BC2C072B240026CD26 /* MoviesPresenter.swift */; };
		6F0CC3C22C072B240026CD26 /* MoviesRouter.swift in Sources */ = {isa = PBXBuildFile; fileRef = 6F0CC3BD2C072B240026CD26 /* MoviesRouter.swift */; };
		6F0CC3C32C072B240026CD26 /* MoviesView.swift in Sources */ = {isa = PBXBuildFile; fileRef = 6F0CC3BE2C072B240026CD26 /* MoviesView.swift */; };
		6F0CC3CA2C072B2B0026CD26 /* MoviesDetailInteractor.swift in Sources */ = {isa = PBXBuildFile; fileRef = 6F0CC3C52C072B2B0026CD26 /* MoviesDetailInteractor.swift */; };
		6F0CC3CB2C072B2B0026CD26 /* MoviesDetailPresenter.swift in Sources */ = {isa = PBXBuildFile; fileRef = 6F0CC3C62C072B2B0026CD26 /* MoviesDetailPresenter.swift */; };
		6F0CC3CC2C072B2B0026CD26 /* MoviesDetailRouter.swift in Sources */ = {isa = PBXBuildFile; fileRef = 6F0CC3C72C072B2B0026CD26 /* MoviesDetailRouter.swift */; };
		6F0CC3CD2C072B2B0026CD26 /* MoviesDetailView.swift in Sources */ = {isa = PBXBuildFile; fileRef = 6F0CC3C82C072B2B0026CD26 /* MoviesDetailView.swift */; };
		6F6E15612BDD5222008F1776 /* KeychainSwift in Frameworks */ = {isa = PBXBuildFile; productRef = 6F6E15602BDD5222008F1776 /* KeychainSwift */; };
		6F6E15632BDD538A008F1776 /* KeychainService.swift in Sources */ = {isa = PBXBuildFile; fileRef = 6F6E15622BDD538A008F1776 /* KeychainService.swift */; };
		6FB89C072C0C649700E575D9 /* SwiftDataMovie.swift in Sources */ = {isa = PBXBuildFile; fileRef = 6FB89C062C0C649700E575D9 /* SwiftDataMovie.swift */; };
		6FB89C092C0C64AE00E575D9 /* SwiftDataMovieDetail.swift in Sources */ = {isa = PBXBuildFile; fileRef = 6FB89C082C0C64AE00E575D9 /* SwiftDataMovieDetail.swift */; };
		6FB89C0D2C0C65EA00E575D9 /* Assembly.swift in Sources */ = {isa = PBXBuildFile; fileRef = 6FB89C0C2C0C65EA00E575D9 /* Assembly.swift */; };
		6FB89C192C0C68DB00E575D9 /* Strings+Generated.swift in Sources */ = {isa = PBXBuildFile; fileRef = 6FB89C112C0C68DB00E575D9 /* Strings+Generated.swift */; };
		6FB89C1A2C0C68DB00E575D9 /* XCAssets+Generated.swift in Sources */ = {isa = PBXBuildFile; fileRef = 6FB89C122C0C68DB00E575D9 /* XCAssets+Generated.swift */; };
		6FB89C1B2C0C68DB00E575D9 /* Assets.xcassets in Resources */ = {isa = PBXBuildFile; fileRef = 6FB89C142C0C68DB00E575D9 /* Assets.xcassets */; };
		6FB89C1C2C0C68DB00E575D9 /* Colors.xcassets in Resources */ = {isa = PBXBuildFile; fileRef = 6FB89C152C0C68DB00E575D9 /* Colors.xcassets */; };
		6FB89C1D2C0C68DB00E575D9 /* Localizable.strings in Resources */ = {isa = PBXBuildFile; fileRef = 6FB89C172C0C68DB00E575D9 /* Localizable.strings */; };
		6FB89C202C0C6A4500E575D9 /* ShimmerBoxView.swift in Sources */ = {isa = PBXBuildFile; fileRef = 6FB89C1F2C0C6A4500E575D9 /* ShimmerBoxView.swift */; };
		6FB89C222C0C6A5F00E575D9 /* ViewState.swift in Sources */ = {isa = PBXBuildFile; fileRef = 6FB89C212C0C6A5F00E575D9 /* ViewState.swift */; };
		6FB89C252C0C6AEC00E575D9 /* MoviesShimmerView.swift in Sources */ = {isa = PBXBuildFile; fileRef = 6FB89C242C0C6AEC00E575D9 /* MoviesShimmerView.swift */; };
		6FB89C272C0C6B1200E575D9 /* Movie.swift in Sources */ = {isa = PBXBuildFile; fileRef = 6FB89C262C0C6B1200E575D9 /* Movie.swift */; };
		6FB89C2A2C0C6B9F00E575D9 /* MoviesDetailsShimmerView.swift in Sources */ = {isa = PBXBuildFile; fileRef = 6FB89C292C0C6B9F00E575D9 /* MoviesDetailsShimmerView.swift */; };
		6FB89C2C2C0C6BC000E575D9 /* MovieDetail.swift in Sources */ = {isa = PBXBuildFile; fileRef = 6FB89C2B2C0C6BC000E575D9 /* MovieDetail.swift */; };
		6FB89C2E2C0C6BD900E575D9 /* SimilarMovie.swift in Sources */ = {isa = PBXBuildFile; fileRef = 6FB89C2D2C0C6BD900E575D9 /* SimilarMovie.swift */; };
		6FB89C302C0C6BF000E575D9 /* MovieActor.swift in Sources */ = {isa = PBXBuildFile; fileRef = 6FB89C2F2C0C6BF000E575D9 /* MovieActor.swift */; };
		6FB89C3F2C0C70BC00E575D9 /* MoviesInteractorTests.swift in Sources */ = {isa = PBXBuildFile; fileRef = 6FB89C3E2C0C70BC00E575D9 /* MoviesInteractorTests.swift */; };
		6FB89C412C0C70E500E575D9 /* MoviesDetailInteractorTests.swift in Sources */ = {isa = PBXBuildFile; fileRef = 6FB89C402C0C70E500E575D9 /* MoviesDetailInteractorTests.swift */; };
		6FB89C472C0D020100E575D9 /* MoviesSnapShotTests.swift in Sources */ = {isa = PBXBuildFile; fileRef = 6FB89C462C0D020100E575D9 /* MoviesSnapShotTests.swift */; };
		6FB89C4B2C0D027000E575D9 /* SnapshotTesting in Frameworks */ = {isa = PBXBuildFile; productRef = 6FB89C4A2C0D027000E575D9 /* SnapshotTesting */; };
		6FB89C4F2C0D059F00E575D9 /* testShimmerView.1.png in Resources */ = {isa = PBXBuildFile; fileRef = 6FB89C4C2C0D059F00E575D9 /* testShimmerView.1.png */; };
		6FE221302BDBCDE50063A598 /* MoviesDTO.swift in Sources */ = {isa = PBXBuildFile; fileRef = 6FE2212F2BDBCDE50063A598 /* MoviesDTO.swift */; };
		6FE221322BDBCE020063A598 /* MovieDTO.swift in Sources */ = {isa = PBXBuildFile; fileRef = 6FE221312BDBCE020063A598 /* MovieDTO.swift */; };
		6FE221342BDBCE200063A598 /* PosterDTO.swift in Sources */ = {isa = PBXBuildFile; fileRef = 6FE221332BDBCE200063A598 /* PosterDTO.swift */; };
		6FE221362BDBCE320063A598 /* RatingDTO.swift in Sources */ = {isa = PBXBuildFile; fileRef = 6FE221352BDBCE320063A598 /* RatingDTO.swift */; };
		6FE221382BDBCE4A0063A598 /* CountriesDTO.swift in Sources */ = {isa = PBXBuildFile; fileRef = 6FE221372BDBCE4A0063A598 /* CountriesDTO.swift */; };
		6FE2213A2BDBCE5C0063A598 /* PersonDTO.swift in Sources */ = {isa = PBXBuildFile; fileRef = 6FE221392BDBCE5C0063A598 /* PersonDTO.swift */; };
		6FE2213C2BDBCEE30063A598 /* SpokenLanguageDTO.swift in Sources */ = {isa = PBXBuildFile; fileRef = 6FE2213B2BDBCEE30063A598 /* SpokenLanguageDTO.swift */; };
/* End PBXBuildFile section */

/* Begin PBXContainerItemProxy section */
		6FB89C392C0C708B00E575D9 /* PBXContainerItemProxy */ = {
			isa = PBXContainerItemProxy;
			containerPortal = 6F4342602BD68BD70048C64B /* Project object */;
			proxyType = 1;
			remoteGlobalIDString = 6F4342672BD68BD70048C64B;
			remoteInfo = CinemaStar;
		};
/* End PBXContainerItemProxy section */

/* Begin PBXFileReference section */
		6F0CC3AA2C0727100026CD26 /* CinemaStarApp.swift */ = {isa = PBXFileReference; fileEncoding = 4; lastKnownFileType = sourcecode.swift; path = CinemaStarApp.swift; sourceTree = "<group>"; };
		6F0CC3AE2C0729A50026CD26 /* NetworkService.swift */ = {isa = PBXFileReference; fileEncoding = 4; lastKnownFileType = sourcecode.swift; path = NetworkService.swift; sourceTree = "<group>"; };
		6F0CC3B42C072A440026CD26 /* View+Extension.swift */ = {isa = PBXFileReference; fileEncoding = 4; lastKnownFileType = sourcecode.swift; path = "View+Extension.swift"; sourceTree = "<group>"; };
		6F0CC3BB2C072B240026CD26 /* MoviesInteractor.swift */ = {isa = PBXFileReference; fileEncoding = 4; lastKnownFileType = sourcecode.swift; path = MoviesInteractor.swift; sourceTree = "<group>"; };
		6F0CC3BC2C072B240026CD26 /* MoviesPresenter.swift */ = {isa = PBXFileReference; fileEncoding = 4; lastKnownFileType = sourcecode.swift; path = MoviesPresenter.swift; sourceTree = "<group>"; };
		6F0CC3BD2C072B240026CD26 /* MoviesRouter.swift */ = {isa = PBXFileReference; fileEncoding = 4; lastKnownFileType = sourcecode.swift; path = MoviesRouter.swift; sourceTree = "<group>"; };
		6F0CC3BE2C072B240026CD26 /* MoviesView.swift */ = {isa = PBXFileReference; fileEncoding = 4; lastKnownFileType = sourcecode.swift; path = MoviesView.swift; sourceTree = "<group>"; };
		6F0CC3C52C072B2B0026CD26 /* MoviesDetailInteractor.swift */ = {isa = PBXFileReference; fileEncoding = 4; lastKnownFileType = sourcecode.swift; path = MoviesDetailInteractor.swift; sourceTree = "<group>"; };
		6F0CC3C62C072B2B0026CD26 /* MoviesDetailPresenter.swift */ = {isa = PBXFileReference; fileEncoding = 4; lastKnownFileType = sourcecode.swift; path = MoviesDetailPresenter.swift; sourceTree = "<group>"; };
		6F0CC3C72C072B2B0026CD26 /* MoviesDetailRouter.swift */ = {isa = PBXFileReference; fileEncoding = 4; lastKnownFileType = sourcecode.swift; path = MoviesDetailRouter.swift; sourceTree = "<group>"; };
		6F0CC3C82C072B2B0026CD26 /* MoviesDetailView.swift */ = {isa = PBXFileReference; fileEncoding = 4; lastKnownFileType = sourcecode.swift; path = MoviesDetailView.swift; sourceTree = "<group>"; };
		6F4342682BD68BD70048C64B /* CinemaStar.app */ = {isa = PBXFileReference; explicitFileType = wrapper.application; includeInIndex = 0; path = CinemaStar.app; sourceTree = BUILT_PRODUCTS_DIR; };
		6F4342792BD68BD90048C64B /* Info.plist */ = {isa = PBXFileReference; lastKnownFileType = text.plist.xml; path = Info.plist; sourceTree = "<group>"; };
		6F6E15622BDD538A008F1776 /* KeychainService.swift */ = {isa = PBXFileReference; lastKnownFileType = sourcecode.swift; path = KeychainService.swift; sourceTree = "<group>"; };
		6FB89C062C0C649700E575D9 /* SwiftDataMovie.swift */ = {isa = PBXFileReference; lastKnownFileType = sourcecode.swift; path = SwiftDataMovie.swift; sourceTree = "<group>"; };
		6FB89C082C0C64AE00E575D9 /* SwiftDataMovieDetail.swift */ = {isa = PBXFileReference; lastKnownFileType = sourcecode.swift; path = SwiftDataMovieDetail.swift; sourceTree = "<group>"; };
		6FB89C0C2C0C65EA00E575D9 /* Assembly.swift */ = {isa = PBXFileReference; lastKnownFileType = sourcecode.swift; path = Assembly.swift; sourceTree = "<group>"; };
		6FB89C112C0C68DB00E575D9 /* Strings+Generated.swift */ = {isa = PBXFileReference; fileEncoding = 4; lastKnownFileType = sourcecode.swift; path = "Strings+Generated.swift"; sourceTree = "<group>"; };
		6FB89C122C0C68DB00E575D9 /* XCAssets+Generated.swift */ = {isa = PBXFileReference; fileEncoding = 4; lastKnownFileType = sourcecode.swift; path = "XCAssets+Generated.swift"; sourceTree = "<group>"; };
		6FB89C142C0C68DB00E575D9 /* Assets.xcassets */ = {isa = PBXFileReference; lastKnownFileType = folder.assetcatalog; path = Assets.xcassets; sourceTree = "<group>"; };
		6FB89C152C0C68DB00E575D9 /* Colors.xcassets */ = {isa = PBXFileReference; lastKnownFileType = folder.assetcatalog; path = Colors.xcassets; sourceTree = "<group>"; };
		6FB89C162C0C68DB00E575D9 /* en */ = {isa = PBXFileReference; lastKnownFileType = text.plist.strings; name = en; path = en.lproj/Localizable.strings; sourceTree = "<group>"; };
		6FB89C1F2C0C6A4500E575D9 /* ShimmerBoxView.swift */ = {isa = PBXFileReference; lastKnownFileType = sourcecode.swift; path = ShimmerBoxView.swift; sourceTree = "<group>"; };
		6FB89C212C0C6A5F00E575D9 /* ViewState.swift */ = {isa = PBXFileReference; lastKnownFileType = sourcecode.swift; path = ViewState.swift; sourceTree = "<group>"; };
		6FB89C242C0C6AEC00E575D9 /* MoviesShimmerView.swift */ = {isa = PBXFileReference; lastKnownFileType = sourcecode.swift; path = MoviesShimmerView.swift; sourceTree = "<group>"; };
		6FB89C262C0C6B1200E575D9 /* Movie.swift */ = {isa = PBXFileReference; lastKnownFileType = sourcecode.swift; path = Movie.swift; sourceTree = "<group>"; };
		6FB89C292C0C6B9F00E575D9 /* MoviesDetailsShimmerView.swift */ = {isa = PBXFileReference; lastKnownFileType = sourcecode.swift; path = MoviesDetailsShimmerView.swift; sourceTree = "<group>"; };
		6FB89C2B2C0C6BC000E575D9 /* MovieDetail.swift */ = {isa = PBXFileReference; lastKnownFileType = sourcecode.swift; path = MovieDetail.swift; sourceTree = "<group>"; };
		6FB89C2D2C0C6BD900E575D9 /* SimilarMovie.swift */ = {isa = PBXFileReference; lastKnownFileType = sourcecode.swift; path = SimilarMovie.swift; sourceTree = "<group>"; };
		6FB89C2F2C0C6BF000E575D9 /* MovieActor.swift */ = {isa = PBXFileReference; lastKnownFileType = sourcecode.swift; path = MovieActor.swift; sourceTree = "<group>"; };
		6FB89C352C0C708B00E575D9 /* CinemaStarTests.xctest */ = {isa = PBXFileReference; explicitFileType = wrapper.cfbundle; includeInIndex = 0; path = CinemaStarTests.xctest; sourceTree = BUILT_PRODUCTS_DIR; };
		6FB89C3E2C0C70BC00E575D9 /* MoviesInteractorTests.swift */ = {isa = PBXFileReference; lastKnownFileType = sourcecode.swift; path = MoviesInteractorTests.swift; sourceTree = "<group>"; };
		6FB89C402C0C70E500E575D9 /* MoviesDetailInteractorTests.swift */ = {isa = PBXFileReference; lastKnownFileType = sourcecode.swift; path = MoviesDetailInteractorTests.swift; sourceTree = "<group>"; };
		6FB89C462C0D020100E575D9 /* MoviesSnapShotTests.swift */ = {isa = PBXFileReference; lastKnownFileType = sourcecode.swift; path = MoviesSnapShotTests.swift; sourceTree = "<group>"; };
		6FB89C4C2C0D059F00E575D9 /* testShimmerView.1.png */ = {isa = PBXFileReference; lastKnownFileType = image.png; path = testShimmerView.1.png; sourceTree = "<group>"; };
		6FE2212F2BDBCDE50063A598 /* MoviesDTO.swift */ = {isa = PBXFileReference; lastKnownFileType = sourcecode.swift; path = MoviesDTO.swift; sourceTree = "<group>"; };
		6FE221312BDBCE020063A598 /* MovieDTO.swift */ = {isa = PBXFileReference; lastKnownFileType = sourcecode.swift; path = MovieDTO.swift; sourceTree = "<group>"; };
		6FE221332BDBCE200063A598 /* PosterDTO.swift */ = {isa = PBXFileReference; lastKnownFileType = sourcecode.swift; path = PosterDTO.swift; sourceTree = "<group>"; };
		6FE221352BDBCE320063A598 /* RatingDTO.swift */ = {isa = PBXFileReference; lastKnownFileType = sourcecode.swift; path = RatingDTO.swift; sourceTree = "<group>"; };
		6FE221372BDBCE4A0063A598 /* CountriesDTO.swift */ = {isa = PBXFileReference; lastKnownFileType = sourcecode.swift; path = CountriesDTO.swift; sourceTree = "<group>"; };
		6FE221392BDBCE5C0063A598 /* PersonDTO.swift */ = {isa = PBXFileReference; lastKnownFileType = sourcecode.swift; path = PersonDTO.swift; sourceTree = "<group>"; };
		6FE2213B2BDBCEE30063A598 /* SpokenLanguageDTO.swift */ = {isa = PBXFileReference; lastKnownFileType = sourcecode.swift; path = SpokenLanguageDTO.swift; sourceTree = "<group>"; };
/* End PBXFileReference section */

/* Begin PBXFrameworksBuildPhase section */
		6F4342652BD68BD70048C64B /* Frameworks */ = {
			isa = PBXFrameworksBuildPhase;
			buildActionMask = 2147483647;
			files = (
				6F6E15612BDD5222008F1776 /* KeychainSwift in Frameworks */,
			);
			runOnlyForDeploymentPostprocessing = 0;
		};
		6FB89C322C0C708B00E575D9 /* Frameworks */ = {
			isa = PBXFrameworksBuildPhase;
			buildActionMask = 2147483647;
			files = (
				6FB89C4B2C0D027000E575D9 /* SnapshotTesting in Frameworks */,
			);
			runOnlyForDeploymentPostprocessing = 0;
		};
/* End PBXFrameworksBuildPhase section */

/* Begin PBXGroup section */
		6F0CC3BA2C072B240026CD26 /* MoviesEntities */ = {
			isa = PBXGroup;
			children = (
				6FB89C262C0C6B1200E575D9 /* Movie.swift */,
			);
			path = MoviesEntities;
			sourceTree = "<group>";
		};
		6F0CC3BF2C072B240026CD26 /* MoviesList */ = {
			isa = PBXGroup;
			children = (
				6FB89C422C0CB0BB00E575D9 /* Viper */,
				6FB89C232C0C6ADA00E575D9 /* MoviesShimmer */,
				6F0CC3BA2C072B240026CD26 /* MoviesEntities */,
			);
			path = MoviesList;
			sourceTree = "<group>";
		};
		6F0CC3C42C072B2B0026CD26 /* MoviesDetailEntities */ = {
			isa = PBXGroup;
			children = (
				6FB89C2B2C0C6BC000E575D9 /* MovieDetail.swift */,
				6FB89C2D2C0C6BD900E575D9 /* SimilarMovie.swift */,
				6FB89C2F2C0C6BF000E575D9 /* MovieActor.swift */,
			);
			path = MoviesDetailEntities;
			sourceTree = "<group>";
		};
		6F0CC3C92C072B2B0026CD26 /* MoviesDetailList */ = {
			isa = PBXGroup;
			children = (
				6FB89C432C0CB3C000E575D9 /* Viper */,
				6FB89C282C0C6B9600E575D9 /* MoviesDetailsShimmer */,
				6F0CC3C42C072B2B0026CD26 /* MoviesDetailEntities */,
			);
			path = MoviesDetailList;
			sourceTree = "<group>";
		};
		6F43425F2BD68BD70048C64B = {
			isa = PBXGroup;
			children = (
				6F43426A2BD68BD70048C64B /* CinemaStar */,
				6FB89C362C0C708B00E575D9 /* CinemaStarTests */,
				6F4342692BD68BD70048C64B /* Products */,
				6FB89C492C0D027000E575D9 /* Frameworks */,
			);
			sourceTree = "<group>";
		};
		6F4342692BD68BD70048C64B /* Products */ = {
			isa = PBXGroup;
			children = (
				6F4342682BD68BD70048C64B /* CinemaStar.app */,
				6FB89C352C0C708B00E575D9 /* CinemaStarTests.xctest */,
			);
			name = Products;
			sourceTree = "<group>";
		};
		6F43426A2BD68BD70048C64B /* CinemaStar */ = {
			isa = PBXGroup;
			children = (
				6F0CC3AA2C0727100026CD26 /* CinemaStarApp.swift */,
				6FB89C042C0C640200E575D9 /* NetworkService */,
				6F6E157D2BDD7510008F1776 /* Keychain */,
				6FB89C052C0C647800E575D9 /* SwiftData */,
				6FB89C182C0C68DB00E575D9 /* SwiftGen */,
				6F4342792BD68BD90048C64B /* Info.plist */,
				6F4342A62BD6A0630048C64B /* Modules */,
				6FE220DE2BD7B50E0063A598 /* Extension */,
			);
			path = CinemaStar;
			sourceTree = "<group>";
		};
		6F4342A62BD6A0630048C64B /* Modules */ = {
			isa = PBXGroup;
			children = (
				6FB89C1F2C0C6A4500E575D9 /* ShimmerBoxView.swift */,
				6FB89C212C0C6A5F00E575D9 /* ViewState.swift */,
				6F0CC3C92C072B2B0026CD26 /* MoviesDetailList */,
				6F0CC3BF2C072B240026CD26 /* MoviesList */,
			);
			path = Modules;
			sourceTree = "<group>";
		};
		6F6E157D2BDD7510008F1776 /* Keychain */ = {
			isa = PBXGroup;
			children = (
				6F6E15622BDD538A008F1776 /* KeychainService.swift */,
			);
			path = Keychain;
			sourceTree = "<group>";
		};
		6FB89C042C0C640200E575D9 /* NetworkService */ = {
			isa = PBXGroup;
			children = (
				6FB89C0C2C0C65EA00E575D9 /* Assembly.swift */,
				6F0CC3AE2C0729A50026CD26 /* NetworkService.swift */,
				6FE2212E2BDBCDCE0063A598 /* DTO */,
			);
			path = NetworkService;
			sourceTree = "<group>";
		};
		6FB89C052C0C647800E575D9 /* SwiftData */ = {
			isa = PBXGroup;
			children = (
				6FB89C062C0C649700E575D9 /* SwiftDataMovie.swift */,
				6FB89C082C0C64AE00E575D9 /* SwiftDataMovieDetail.swift */,
			);
			path = SwiftData;
			sourceTree = "<group>";
		};
		6FB89C132C0C68DB00E575D9 /* generated */ = {
			isa = PBXGroup;
			children = (
				6FB89C112C0C68DB00E575D9 /* Strings+Generated.swift */,
				6FB89C122C0C68DB00E575D9 /* XCAssets+Generated.swift */,
			);
			path = generated;
			sourceTree = "<group>";
		};
		6FB89C182C0C68DB00E575D9 /* SwiftGen */ = {
			isa = PBXGroup;
			children = (
				6FB89C132C0C68DB00E575D9 /* generated */,
				6FB89C142C0C68DB00E575D9 /* Assets.xcassets */,
				6FB89C152C0C68DB00E575D9 /* Colors.xcassets */,
				6FB89C172C0C68DB00E575D9 /* Localizable.strings */,
			);
			path = SwiftGen;
			sourceTree = "<group>";
		};
		6FB89C232C0C6ADA00E575D9 /* MoviesShimmer */ = {
			isa = PBXGroup;
			children = (
				6FB89C242C0C6AEC00E575D9 /* MoviesShimmerView.swift */,
			);
			path = MoviesShimmer;
			sourceTree = "<group>";
		};
		6FB89C282C0C6B9600E575D9 /* MoviesDetailsShimmer */ = {
			isa = PBXGroup;
			children = (
				6FB89C292C0C6B9F00E575D9 /* MoviesDetailsShimmerView.swift */,
			);
			path = MoviesDetailsShimmer;
			sourceTree = "<group>";
		};
		6FB89C362C0C708B00E575D9 /* CinemaStarTests */ = {
			isa = PBXGroup;
			children = (
				6FB89C3E2C0C70BC00E575D9 /* MoviesInteractorTests.swift */,
				6FB89C402C0C70E500E575D9 /* MoviesDetailInteractorTests.swift */,
				6FB89C462C0D020100E575D9 /* MoviesSnapShotTests.swift */,
				6FB89C4E2C0D059F00E575D9 /* __Snapshots__ */,
			);
			path = CinemaStarTests;
			sourceTree = "<group>";
		};
		6FB89C422C0CB0BB00E575D9 /* Viper */ = {
			isa = PBXGroup;
			children = (
				6F0CC3BB2C072B240026CD26 /* MoviesInteractor.swift */,
				6F0CC3BC2C072B240026CD26 /* MoviesPresenter.swift */,
				6F0CC3BD2C072B240026CD26 /* MoviesRouter.swift */,
				6F0CC3BE2C072B240026CD26 /* MoviesView.swift */,
			);
			path = Viper;
			sourceTree = "<group>";
		};
		6FB89C432C0CB3C000E575D9 /* Viper */ = {
			isa = PBXGroup;
			children = (
				6F0CC3C52C072B2B0026CD26 /* MoviesDetailInteractor.swift */,
				6F0CC3C62C072B2B0026CD26 /* MoviesDetailPresenter.swift */,
				6F0CC3C72C072B2B0026CD26 /* MoviesDetailRouter.swift */,
				6F0CC3C82C072B2B0026CD26 /* MoviesDetailView.swift */,
			);
			path = Viper;
			sourceTree = "<group>";
		};
		6FB89C492C0D027000E575D9 /* Frameworks */ = {
			isa = PBXGroup;
			children = (
			);
			name = Frameworks;
			sourceTree = "<group>";
		};
		6FB89C4D2C0D059F00E575D9 /* MoviesSnapShotTests */ = {
			isa = PBXGroup;
			children = (
				6FB89C4C2C0D059F00E575D9 /* testShimmerView.1.png */,
			);
			path = MoviesSnapShotTests;
			sourceTree = "<group>";
		};
		6FB89C4E2C0D059F00E575D9 /* __Snapshots__ */ = {
			isa = PBXGroup;
			children = (
				6FB89C4D2C0D059F00E575D9 /* MoviesSnapShotTests */,
			);
			path = __Snapshots__;
			sourceTree = "<group>";
		};
		6FE220DE2BD7B50E0063A598 /* Extension */ = {
			isa = PBXGroup;
			children = (
				6F0CC3B42C072A440026CD26 /* View+Extension.swift */,
			);
			path = Extension;
			sourceTree = "<group>";
		};
		6FE2212E2BDBCDCE0063A598 /* DTO */ = {
			isa = PBXGroup;
			children = (
				6FE2212F2BDBCDE50063A598 /* MoviesDTO.swift */,
				6FE221312BDBCE020063A598 /* MovieDTO.swift */,
				6FE221332BDBCE200063A598 /* PosterDTO.swift */,
				6FE221352BDBCE320063A598 /* RatingDTO.swift */,
				6FE221372BDBCE4A0063A598 /* CountriesDTO.swift */,
				6FE221392BDBCE5C0063A598 /* PersonDTO.swift */,
				6FE2213B2BDBCEE30063A598 /* SpokenLanguageDTO.swift */,
			);
			path = DTO;
			sourceTree = "<group>";
		};
/* End PBXGroup section */

/* Begin PBXNativeTarget section */
		6F4342672BD68BD70048C64B /* CinemaStar */ = {
			isa = PBXNativeTarget;
			buildConfigurationList = 6F4342922BD68BD90048C64B /* Build configuration list for PBXNativeTarget "CinemaStar" */;
			buildPhases = (
				6F4342642BD68BD70048C64B /* Sources */,
				6F4342652BD68BD70048C64B /* Frameworks */,
				6F4342662BD68BD70048C64B /* Resources */,
				6FB89C102C0C683A00E575D9 /* SwiftGen */,
				6FB89C442C0CBA5000E575D9 /* Swift Lint */,
				6FB89C452C0CBA7600E575D9 /* Swift Format */,
			);
			buildRules = (
			);
			dependencies = (
			);
			name = CinemaStar;
			packageProductDependencies = (
				6F6E15602BDD5222008F1776 /* KeychainSwift */,
			);
			productName = CinemaStar;
			productReference = 6F4342682BD68BD70048C64B /* CinemaStar.app */;
			productType = "com.apple.product-type.application";
		};
		6FB89C342C0C708B00E575D9 /* CinemaStarTests */ = {
			isa = PBXNativeTarget;
			buildConfigurationList = 6FB89C3B2C0C708B00E575D9 /* Build configuration list for PBXNativeTarget "CinemaStarTests" */;
			buildPhases = (
				6FB89C312C0C708B00E575D9 /* Sources */,
				6FB89C322C0C708B00E575D9 /* Frameworks */,
				6FB89C332C0C708B00E575D9 /* Resources */,
			);
			buildRules = (
			);
			dependencies = (
				6FB89C3A2C0C708B00E575D9 /* PBXTargetDependency */,
			);
			name = CinemaStarTests;
			packageProductDependencies = (
				6FB89C4A2C0D027000E575D9 /* SnapshotTesting */,
			);
			productName = CinemaStarTests;
			productReference = 6FB89C352C0C708B00E575D9 /* CinemaStarTests.xctest */;
			productType = "com.apple.product-type.bundle.unit-test";
		};
/* End PBXNativeTarget section */

/* Begin PBXProject section */
		6F4342602BD68BD70048C64B /* Project object */ = {
			isa = PBXProject;
			attributes = {
				BuildIndependentTargetsInParallel = 1;
				LastSwiftUpdateCheck = 1540;
				LastUpgradeCheck = 1530;
				TargetAttributes = {
					6F4342672BD68BD70048C64B = {
						CreatedOnToolsVersion = 15.3;
					};
					6FB89C342C0C708B00E575D9 = {
						CreatedOnToolsVersion = 15.4;
						TestTargetID = 6F4342672BD68BD70048C64B;
					};
				};
			};
			buildConfigurationList = 6F4342632BD68BD70048C64B /* Build configuration list for PBXProject "CinemaStar" */;
			compatibilityVersion = "Xcode 14.0";
			developmentRegion = en;
			hasScannedForEncodings = 0;
			knownRegions = (
				en,
				Base,
			);
			mainGroup = 6F43425F2BD68BD70048C64B;
			packageReferences = (
				6F6E155F2BDD5222008F1776 /* XCRemoteSwiftPackageReference "keychain-swift" */,
				6FB89C482C0D024800E575D9 /* XCRemoteSwiftPackageReference "swift-snapshot-testing" */,
			);
			productRefGroup = 6F4342692BD68BD70048C64B /* Products */;
			projectDirPath = "";
			projectRoot = "";
			targets = (
				6F4342672BD68BD70048C64B /* CinemaStar */,
				6FB89C342C0C708B00E575D9 /* CinemaStarTests */,
			);
		};
/* End PBXProject section */

/* Begin PBXResourcesBuildPhase section */
		6F4342662BD68BD70048C64B /* Resources */ = {
			isa = PBXResourcesBuildPhase;
			buildActionMask = 2147483647;
			files = (
				6FB89C1C2C0C68DB00E575D9 /* Colors.xcassets in Resources */,
				6FB89C1D2C0C68DB00E575D9 /* Localizable.strings in Resources */,
				6FB89C1B2C0C68DB00E575D9 /* Assets.xcassets in Resources */,
			);
			runOnlyForDeploymentPostprocessing = 0;
		};
		6FB89C332C0C708B00E575D9 /* Resources */ = {
			isa = PBXResourcesBuildPhase;
			buildActionMask = 2147483647;
			files = (
				6FB89C4F2C0D059F00E575D9 /* testShimmerView.1.png in Resources */,
			);
			runOnlyForDeploymentPostprocessing = 0;
		};
/* End PBXResourcesBuildPhase section */

/* Begin PBXShellScriptBuildPhase section */
		6FB89C102C0C683A00E575D9 /* SwiftGen */ = {
			isa = PBXShellScriptBuildPhase;
			alwaysOutOfDate = 1;
			buildActionMask = 2147483647;
			files = (
			);
			inputFileListPaths = (
			);
			inputPaths = (
			);
			name = SwiftGen;
			outputFileListPaths = (
			);
			outputPaths = (
			);
			runOnlyForDeploymentPostprocessing = 0;
			shellPath = /bin/sh;
			shellScript = "if [[ \"$(uname -m)\" == arm64 ]]; then\n     export PATH=\"/opt/homebrew/bin:$PATH\"\nfi\nif which swiftgen > /dev/null; then\n    swiftgen\nelse\n    echo \"warning: SwiftGen is not installed. Run 'pod install --repo-update' to install it.\"\nfi\n";
			showEnvVarsInLog = 0;
		};
		6FB89C442C0CBA5000E575D9 /* Swift Lint */ = {
			isa = PBXShellScriptBuildPhase;
			alwaysOutOfDate = 1;
			buildActionMask = 2147483647;
			files = (
			);
			inputFileListPaths = (
			);
			inputPaths = (
			);
			name = "Swift Lint";
			outputFileListPaths = (
			);
			outputPaths = (
			);
			runOnlyForDeploymentPostprocessing = 0;
			shellPath = /bin/sh;
			shellScript = "
";
			showEnvVarsInLog = 0;
		};
		6FB89C452C0CBA7600E575D9 /* Swift Format */ = {
			isa = PBXShellScriptBuildPhase;
			alwaysOutOfDate = 1;
			buildActionMask = 2147483647;
			files = (
			);
			inputFileListPaths = (
			);
			inputPaths = (
			);
			name = "Swift Format";
			outputFileListPaths = (
			);
			outputPaths = (
			);
			runOnlyForDeploymentPostprocessing = 0;
			shellPath = /bin/sh;
			shellScript = "if [[ \"$(uname -m)\" == arm64 ]]; then\n    export PATH=\"/opt/homebrew/bin:$PATH\"\nfi\n\nif which swiftformat >/dev/null; then\n  swiftformat .\nelse\n  echo \"warning: SwiftFormat not installed, download from https://github.com/nicklockwood/SwiftFormat\"\nfi\n";
			showEnvVarsInLog = 0;
		};
/* End PBXShellScriptBuildPhase section */

/* Begin PBXSourcesBuildPhase section */
		6F4342642BD68BD70048C64B /* Sources */ = {
			isa = PBXSourcesBuildPhase;
			buildActionMask = 2147483647;
			files = (
				6FB89C2E2C0C6BD900E575D9 /* SimilarMovie.swift in Sources */,
				6FB89C1A2C0C68DB00E575D9 /* XCAssets+Generated.swift in Sources */,
				6FB89C0D2C0C65EA00E575D9 /* Assembly.swift in Sources */,
				6FB89C192C0C68DB00E575D9 /* Strings+Generated.swift in Sources */,
				6F0CC3AB2C0727100026CD26 /* CinemaStarApp.swift in Sources */,
				6FB89C252C0C6AEC00E575D9 /* MoviesShimmerView.swift in Sources */,
				6F0CC3C02C072B240026CD26 /* MoviesInteractor.swift in Sources */,
				6FE221302BDBCDE50063A598 /* MoviesDTO.swift in Sources */,
				6FB89C202C0C6A4500E575D9 /* ShimmerBoxView.swift in Sources */,
				6F0CC3B52C072A440026CD26 /* View+Extension.swift in Sources */,
				6F0CC3C22C072B240026CD26 /* MoviesRouter.swift in Sources */,
				6F0CC3AF2C0729A50026CD26 /* NetworkService.swift in Sources */,
				6FB89C2C2C0C6BC000E575D9 /* MovieDetail.swift in Sources */,
				6F0CC3CA2C072B2B0026CD26 /* MoviesDetailInteractor.swift in Sources */,
				6FE2213A2BDBCE5C0063A598 /* PersonDTO.swift in Sources */,
				6F0CC3C32C072B240026CD26 /* MoviesView.swift in Sources */,
				6FB89C222C0C6A5F00E575D9 /* ViewState.swift in Sources */,
				6FE221362BDBCE320063A598 /* RatingDTO.swift in Sources */,
				6FE2213C2BDBCEE30063A598 /* SpokenLanguageDTO.swift in Sources */,
				6F0CC3CD2C072B2B0026CD26 /* MoviesDetailView.swift in Sources */,
				6F6E15632BDD538A008F1776 /* KeychainService.swift in Sources */,
				6FB89C302C0C6BF000E575D9 /* MovieActor.swift in Sources */,
				6FB89C072C0C649700E575D9 /* SwiftDataMovie.swift in Sources */,
				6F0CC3C12C072B240026CD26 /* MoviesPresenter.swift in Sources */,
				6F0CC3CC2C072B2B0026CD26 /* MoviesDetailRouter.swift in Sources */,
				6FE221382BDBCE4A0063A598 /* CountriesDTO.swift in Sources */,
				6FE221322BDBCE020063A598 /* MovieDTO.swift in Sources */,
				6FB89C2A2C0C6B9F00E575D9 /* MoviesDetailsShimmerView.swift in Sources */,
				6F0CC3CB2C072B2B0026CD26 /* MoviesDetailPresenter.swift in Sources */,
				6FB89C272C0C6B1200E575D9 /* Movie.swift in Sources */,
				6FB89C092C0C64AE00E575D9 /* SwiftDataMovieDetail.swift in Sources */,
				6FE221342BDBCE200063A598 /* PosterDTO.swift in Sources */,
			);
			runOnlyForDeploymentPostprocessing = 0;
		};
		6FB89C312C0C708B00E575D9 /* Sources */ = {
			isa = PBXSourcesBuildPhase;
			buildActionMask = 2147483647;
			files = (
				6FB89C3F2C0C70BC00E575D9 /* MoviesInteractorTests.swift in Sources */,
				6FB89C412C0C70E500E575D9 /* MoviesDetailInteractorTests.swift in Sources */,
				6FB89C472C0D020100E575D9 /* MoviesSnapShotTests.swift in Sources */,
			);
			runOnlyForDeploymentPostprocessing = 0;
		};
/* End PBXSourcesBuildPhase section */

/* Begin PBXTargetDependency section */
		6FB89C3A2C0C708B00E575D9 /* PBXTargetDependency */ = {
			isa = PBXTargetDependency;
			target = 6F4342672BD68BD70048C64B /* CinemaStar */;
			targetProxy = 6FB89C392C0C708B00E575D9 /* PBXContainerItemProxy */;
		};
/* End PBXTargetDependency section */

/* Begin PBXVariantGroup section */
		6FB89C172C0C68DB00E575D9 /* Localizable.strings */ = {
			isa = PBXVariantGroup;
			children = (
				6FB89C162C0C68DB00E575D9 /* en */,
			);
			name = Localizable.strings;
			sourceTree = "<group>";
		};
/* End PBXVariantGroup section */

/* Begin XCBuildConfiguration section */
		6F4342902BD68BD90048C64B /* Debug */ = {
			isa = XCBuildConfiguration;
			buildSettings = {
				ALWAYS_SEARCH_USER_PATHS = NO;
				ASSETCATALOG_COMPILER_GENERATE_SWIFT_ASSET_SYMBOL_EXTENSIONS = YES;
				CLANG_ANALYZER_NONNULL = YES;
				CLANG_ANALYZER_NUMBER_OBJECT_CONVERSION = YES_AGGRESSIVE;
				CLANG_CXX_LANGUAGE_STANDARD = "gnu++20";
				CLANG_ENABLE_MODULES = YES;
				CLANG_ENABLE_OBJC_ARC = YES;
				CLANG_ENABLE_OBJC_WEAK = YES;
				CLANG_WARN_BLOCK_CAPTURE_AUTORELEASING = YES;
				CLANG_WARN_BOOL_CONVERSION = YES;
				CLANG_WARN_COMMA = YES;
				CLANG_WARN_CONSTANT_CONVERSION = YES;
				CLANG_WARN_DEPRECATED_OBJC_IMPLEMENTATIONS = YES;
				CLANG_WARN_DIRECT_OBJC_ISA_USAGE = YES_ERROR;
				CLANG_WARN_DOCUMENTATION_COMMENTS = YES;
				CLANG_WARN_EMPTY_BODY = YES;
				CLANG_WARN_ENUM_CONVERSION = YES;
				CLANG_WARN_INFINITE_RECURSION = YES;
				CLANG_WARN_INT_CONVERSION = YES;
				CLANG_WARN_NON_LITERAL_NULL_CONVERSION = YES;
				CLANG_WARN_OBJC_IMPLICIT_RETAIN_SELF = YES;
				CLANG_WARN_OBJC_LITERAL_CONVERSION = YES;
				CLANG_WARN_OBJC_ROOT_CLASS = YES_ERROR;
				CLANG_WARN_QUOTED_INCLUDE_IN_FRAMEWORK_HEADER = YES;
				CLANG_WARN_RANGE_LOOP_ANALYSIS = YES;
				CLANG_WARN_STRICT_PROTOTYPES = YES;
				CLANG_WARN_SUSPICIOUS_MOVE = YES;
				CLANG_WARN_UNGUARDED_AVAILABILITY = YES_AGGRESSIVE;
				CLANG_WARN_UNREACHABLE_CODE = YES;
				CLANG_WARN__DUPLICATE_METHOD_MATCH = YES;
				COPY_PHASE_STRIP = NO;
				DEBUG_INFORMATION_FORMAT = dwarf;
				ENABLE_STRICT_OBJC_MSGSEND = YES;
				ENABLE_TESTABILITY = YES;
				ENABLE_USER_SCRIPT_SANDBOXING = YES;
				GCC_C_LANGUAGE_STANDARD = gnu17;
				GCC_DYNAMIC_NO_PIC = NO;
				GCC_NO_COMMON_BLOCKS = YES;
				GCC_OPTIMIZATION_LEVEL = 0;
				GCC_PREPROCESSOR_DEFINITIONS = (
					"DEBUG=1",
					"$(inherited)",
				);
				GCC_WARN_64_TO_32_BIT_CONVERSION = YES;
				GCC_WARN_ABOUT_RETURN_TYPE = YES_ERROR;
				GCC_WARN_UNDECLARED_SELECTOR = YES;
				GCC_WARN_UNINITIALIZED_AUTOS = YES_AGGRESSIVE;
				GCC_WARN_UNUSED_FUNCTION = YES;
				GCC_WARN_UNUSED_VARIABLE = YES;
				IPHONEOS_DEPLOYMENT_TARGET = 17.4;
				LOCALIZATION_PREFERS_STRING_CATALOGS = YES;
				MTL_ENABLE_DEBUG_INFO = INCLUDE_SOURCE;
				MTL_FAST_MATH = YES;
				ONLY_ACTIVE_ARCH = YES;
				SDKROOT = iphoneos;
				SWIFT_ACTIVE_COMPILATION_CONDITIONS = "DEBUG $(inherited)";
				SWIFT_OPTIMIZATION_LEVEL = "-Onone";
			};
			name = Debug;
		};
		6F4342912BD68BD90048C64B /* Release */ = {
			isa = XCBuildConfiguration;
			buildSettings = {
				ALWAYS_SEARCH_USER_PATHS = NO;
				ASSETCATALOG_COMPILER_GENERATE_SWIFT_ASSET_SYMBOL_EXTENSIONS = YES;
				CLANG_ANALYZER_NONNULL = YES;
				CLANG_ANALYZER_NUMBER_OBJECT_CONVERSION = YES_AGGRESSIVE;
				CLANG_CXX_LANGUAGE_STANDARD = "gnu++20";
				CLANG_ENABLE_MODULES = YES;
				CLANG_ENABLE_OBJC_ARC = YES;
				CLANG_ENABLE_OBJC_WEAK = YES;
				CLANG_WARN_BLOCK_CAPTURE_AUTORELEASING = YES;
				CLANG_WARN_BOOL_CONVERSION = YES;
				CLANG_WARN_COMMA = YES;
				CLANG_WARN_CONSTANT_CONVERSION = YES;
				CLANG_WARN_DEPRECATED_OBJC_IMPLEMENTATIONS = YES;
				CLANG_WARN_DIRECT_OBJC_ISA_USAGE = YES_ERROR;
				CLANG_WARN_DOCUMENTATION_COMMENTS = YES;
				CLANG_WARN_EMPTY_BODY = YES;
				CLANG_WARN_ENUM_CONVERSION = YES;
				CLANG_WARN_INFINITE_RECURSION = YES;
				CLANG_WARN_INT_CONVERSION = YES;
				CLANG_WARN_NON_LITERAL_NULL_CONVERSION = YES;
				CLANG_WARN_OBJC_IMPLICIT_RETAIN_SELF = YES;
				CLANG_WARN_OBJC_LITERAL_CONVERSION = YES;
				CLANG_WARN_OBJC_ROOT_CLASS = YES_ERROR;
				CLANG_WARN_QUOTED_INCLUDE_IN_FRAMEWORK_HEADER = YES;
				CLANG_WARN_RANGE_LOOP_ANALYSIS = YES;
				CLANG_WARN_STRICT_PROTOTYPES = YES;
				CLANG_WARN_SUSPICIOUS_MOVE = YES;
				CLANG_WARN_UNGUARDED_AVAILABILITY = YES_AGGRESSIVE;
				CLANG_WARN_UNREACHABLE_CODE = YES;
				CLANG_WARN__DUPLICATE_METHOD_MATCH = YES;
				COPY_PHASE_STRIP = NO;
				DEBUG_INFORMATION_FORMAT = "dwarf-with-dsym";
				ENABLE_NS_ASSERTIONS = NO;
				ENABLE_STRICT_OBJC_MSGSEND = YES;
				ENABLE_USER_SCRIPT_SANDBOXING = YES;
				GCC_C_LANGUAGE_STANDARD = gnu17;
				GCC_NO_COMMON_BLOCKS = YES;
				GCC_WARN_64_TO_32_BIT_CONVERSION = YES;
				GCC_WARN_ABOUT_RETURN_TYPE = YES_ERROR;
				GCC_WARN_UNDECLARED_SELECTOR = YES;
				GCC_WARN_UNINITIALIZED_AUTOS = YES_AGGRESSIVE;
				GCC_WARN_UNUSED_FUNCTION = YES;
				GCC_WARN_UNUSED_VARIABLE = YES;
				IPHONEOS_DEPLOYMENT_TARGET = 17.4;
				LOCALIZATION_PREFERS_STRING_CATALOGS = YES;
				MTL_ENABLE_DEBUG_INFO = NO;
				MTL_FAST_MATH = YES;
				SDKROOT = iphoneos;
				SWIFT_COMPILATION_MODE = wholemodule;
				VALIDATE_PRODUCT = YES;
			};
			name = Release;
		};
		6F4342932BD68BD90048C64B /* Debug */ = {
			isa = XCBuildConfiguration;
			buildSettings = {
				ASSETCATALOG_COMPILER_APPICON_NAME = AppIcon;
				ASSETCATALOG_COMPILER_GLOBAL_ACCENT_COLOR_NAME = AccentColor;
				CODE_SIGN_STYLE = Automatic;
				CURRENT_PROJECT_VERSION = 1;
				DEVELOPMENT_TEAM = 4CF5B4QS76;
				ENABLE_USER_SCRIPT_SANDBOXING = NO;
				GENERATE_INFOPLIST_FILE = YES;
				INFOPLIST_FILE = CinemaStar/Info.plist;
				INFOPLIST_KEY_UIApplicationSupportsIndirectInputEvents = YES;
				INFOPLIST_KEY_UILaunchStoryboardName = LaunchScreen;
				INFOPLIST_KEY_UISupportedInterfaceOrientations_iPad = "UIInterfaceOrientationPortrait UIInterfaceOrientationPortraitUpsideDown UIInterfaceOrientationLandscapeLeft UIInterfaceOrientationLandscapeRight";
				INFOPLIST_KEY_UISupportedInterfaceOrientations_iPhone = "UIInterfaceOrientationPortrait UIInterfaceOrientationLandscapeLeft UIInterfaceOrientationLandscapeRight";
				LD_RUNPATH_SEARCH_PATHS = (
					"$(inherited)",
					"@executable_path/Frameworks",
				);
				MARKETING_VERSION = 1.0;
				PRODUCT_BUNDLE_IDENTIFIER = com.omak.CinemaStar;
				PRODUCT_NAME = "$(TARGET_NAME)";
				SWIFT_EMIT_LOC_STRINGS = YES;
				SWIFT_VERSION = 5.0;
				TARGETED_DEVICE_FAMILY = "1,2";
			};
			name = Debug;
		};
		6F4342942BD68BD90048C64B /* Release */ = {
			isa = XCBuildConfiguration;
			buildSettings = {
				ASSETCATALOG_COMPILER_APPICON_NAME = AppIcon;
				ASSETCATALOG_COMPILER_GLOBAL_ACCENT_COLOR_NAME = AccentColor;
				CODE_SIGN_STYLE = Automatic;
				CURRENT_PROJECT_VERSION = 1;
				DEVELOPMENT_TEAM = 4CF5B4QS76;
				ENABLE_USER_SCRIPT_SANDBOXING = NO;
				GENERATE_INFOPLIST_FILE = YES;
				INFOPLIST_FILE = CinemaStar/Info.plist;
				INFOPLIST_KEY_UIApplicationSupportsIndirectInputEvents = YES;
				INFOPLIST_KEY_UILaunchStoryboardName = LaunchScreen;
				INFOPLIST_KEY_UISupportedInterfaceOrientations_iPad = "UIInterfaceOrientationPortrait UIInterfaceOrientationPortraitUpsideDown UIInterfaceOrientationLandscapeLeft UIInterfaceOrientationLandscapeRight";
				INFOPLIST_KEY_UISupportedInterfaceOrientations_iPhone = "UIInterfaceOrientationPortrait UIInterfaceOrientationLandscapeLeft UIInterfaceOrientationLandscapeRight";
				LD_RUNPATH_SEARCH_PATHS = (
					"$(inherited)",
					"@executable_path/Frameworks",
				);
				MARKETING_VERSION = 1.0;
				PRODUCT_BUNDLE_IDENTIFIER = com.omak.CinemaStar;
				PRODUCT_NAME = "$(TARGET_NAME)";
				SWIFT_EMIT_LOC_STRINGS = YES;
				SWIFT_VERSION = 5.0;
				TARGETED_DEVICE_FAMILY = "1,2";
			};
			name = Release;
		};
		6FB89C3C2C0C708B00E575D9 /* Debug */ = {
			isa = XCBuildConfiguration;
			buildSettings = {
				BUNDLE_LOADER = "$(TEST_HOST)";
				CODE_SIGN_STYLE = Automatic;
				CURRENT_PROJECT_VERSION = 1;
				GENERATE_INFOPLIST_FILE = YES;
				IPHONEOS_DEPLOYMENT_TARGET = 17.5;
				MARKETING_VERSION = 1.0;
				PRODUCT_BUNDLE_IDENTIFIER = com.omak.CinemaStarTests;
				PRODUCT_NAME = "$(TARGET_NAME)";
				SWIFT_EMIT_LOC_STRINGS = NO;
				SWIFT_VERSION = 5.0;
				TARGETED_DEVICE_FAMILY = "1,2";
				TEST_HOST = "$(BUILT_PRODUCTS_DIR)/CinemaStar.app/$(BUNDLE_EXECUTABLE_FOLDER_PATH)/CinemaStar";
			};
			name = Debug;
		};
		6FB89C3D2C0C708B00E575D9 /* Release */ = {
			isa = XCBuildConfiguration;
			buildSettings = {
				BUNDLE_LOADER = "$(TEST_HOST)";
				CODE_SIGN_STYLE = Automatic;
				CURRENT_PROJECT_VERSION = 1;
				GENERATE_INFOPLIST_FILE = YES;
				IPHONEOS_DEPLOYMENT_TARGET = 17.5;
				MARKETING_VERSION = 1.0;
				PRODUCT_BUNDLE_IDENTIFIER = com.omak.CinemaStarTests;
				PRODUCT_NAME = "$(TARGET_NAME)";
				SWIFT_EMIT_LOC_STRINGS = NO;
				SWIFT_VERSION = 5.0;
				TARGETED_DEVICE_FAMILY = "1,2";
				TEST_HOST = "$(BUILT_PRODUCTS_DIR)/CinemaStar.app/$(BUNDLE_EXECUTABLE_FOLDER_PATH)/CinemaStar";
			};
			name = Release;
		};
/* End XCBuildConfiguration section */

/* Begin XCConfigurationList section */
		6F4342632BD68BD70048C64B /* Build configuration list for PBXProject "CinemaStar" */ = {
			isa = XCConfigurationList;
			buildConfigurations = (
				6F4342902BD68BD90048C64B /* Debug */,
				6F4342912BD68BD90048C64B /* Release */,
			);
			defaultConfigurationIsVisible = 0;
			defaultConfigurationName = Release;
		};
		6F4342922BD68BD90048C64B /* Build configuration list for PBXNativeTarget "CinemaStar" */ = {
			isa = XCConfigurationList;
			buildConfigurations = (
				6F4342932BD68BD90048C64B /* Debug */,
				6F4342942BD68BD90048C64B /* Release */,
			);
			defaultConfigurationIsVisible = 0;
			defaultConfigurationName = Release;
		};
		6FB89C3B2C0C708B00E575D9 /* Build configuration list for PBXNativeTarget "CinemaStarTests" */ = {
			isa = XCConfigurationList;
			buildConfigurations = (
				6FB89C3C2C0C708B00E575D9 /* Debug */,
				6FB89C3D2C0C708B00E575D9 /* Release */,
			);
			defaultConfigurationIsVisible = 0;
			defaultConfigurationName = Release;
		};
/* End XCConfigurationList section */

/* Begin XCRemoteSwiftPackageReference section */
		6F6E155F2BDD5222008F1776 /* XCRemoteSwiftPackageReference "keychain-swift" */ = {
			isa = XCRemoteSwiftPackageReference;
			repositoryURL = "https://github.com/evgenyneu/keychain-swift";
			requirement = {
				kind = upToNextMajorVersion;
				minimumVersion = 24.0.0;
			};
		};
		6FB89C482C0D024800E575D9 /* XCRemoteSwiftPackageReference "swift-snapshot-testing" */ = {
			isa = XCRemoteSwiftPackageReference;
			repositoryURL = "https://github.com/pointfreeco/swift-snapshot-testing";
			requirement = {
				kind = upToNextMajorVersion;
				minimumVersion = 1.16.0;
			};
		};
/* End XCRemoteSwiftPackageReference section */

/* Begin XCSwiftPackageProductDependency section */
		6F6E15602BDD5222008F1776 /* KeychainSwift */ = {
			isa = XCSwiftPackageProductDependency;
			package = 6F6E155F2BDD5222008F1776 /* XCRemoteSwiftPackageReference "keychain-swift" */;
			productName = KeychainSwift;
		};
		6FB89C4A2C0D027000E575D9 /* SnapshotTesting */ = {
			isa = XCSwiftPackageProductDependency;
			package = 6FB89C482C0D024800E575D9 /* XCRemoteSwiftPackageReference "swift-snapshot-testing" */;
			productName = SnapshotTesting;
		};
/* End XCSwiftPackageProductDependency section */
	};
	rootObject = 6F4342602BD68BD70048C64B /* Project object */;
}
