// !$*UTF8*$!
{
	archiveVersion = 1;
	classes = {
	};
	objectVersion = 56;
	objects = {

/* Begin PBXBuildFile section */
		6F43426C2BD68BD70048C64B /* AppDelegate.swift in Sources */ = {isa = PBXBuildFile; fileRef = 6F43426B2BD68BD70048C64B /* AppDelegate.swift */; };
		6F43426E2BD68BD70048C64B /* SceneDelegate.swift in Sources */ = {isa = PBXBuildFile; fileRef = 6F43426D2BD68BD70048C64B /* SceneDelegate.swift */; };
		6F4342752BD68BD90048C64B /* Assets.xcassets in Resources */ = {isa = PBXBuildFile; fileRef = 6F4342742BD68BD90048C64B /* Assets.xcassets */; };
		6F4342782BD68BD90048C64B /* Base in Resources */ = {isa = PBXBuildFile; fileRef = 6F4342772BD68BD90048C64B /* Base */; };
		6F4342A02BD69E0F0048C64B /* BaseCoordinator.swift in Sources */ = {isa = PBXBuildFile; fileRef = 6F43429F2BD69E0F0048C64B /* BaseCoordinator.swift */; };
		6F4342A22BD69E890048C64B /* AppCoordinator.swift in Sources */ = {isa = PBXBuildFile; fileRef = 6F4342A12BD69E890048C64B /* AppCoordinator.swift */; };
		6F4342A52BD69F040048C64B /* AppBuilder.swift in Sources */ = {isa = PBXBuildFile; fileRef = 6F4342A42BD69F040048C64B /* AppBuilder.swift */; };
		6F4342B22BD6A1940048C64B /* MoviesListViewController.swift in Sources */ = {isa = PBXBuildFile; fileRef = 6F4342B12BD6A1940048C64B /* MoviesListViewController.swift */; };
		6F4342B42BD6A1B30048C64B /* MovieDetailViewController.swift in Sources */ = {isa = PBXBuildFile; fileRef = 6F4342B32BD6A1B30048C64B /* MovieDetailViewController.swift */; };
		6F6E15612BDD5222008F1776 /* KeychainSwift in Frameworks */ = {isa = PBXBuildFile; productRef = 6F6E15602BDD5222008F1776 /* KeychainSwift */; };
		6F6E15632BDD538A008F1776 /* KeychainService.swift in Sources */ = {isa = PBXBuildFile; fileRef = 6F6E15622BDD538A008F1776 /* KeychainService.swift */; };
		6F6E15652BDD585A008F1776 /* NetworkRequest.swift in Sources */ = {isa = PBXBuildFile; fileRef = 6F6E15642BDD585A008F1776 /* NetworkRequest.swift */; };
		6F6E15672BDD587D008F1776 /* APIRequest.swift in Sources */ = {isa = PBXBuildFile; fileRef = 6F6E15662BDD587D008F1776 /* APIRequest.swift */; };
		6F6E15692BDD5898008F1776 /* APIResource.swift in Sources */ = {isa = PBXBuildFile; fileRef = 6F6E15682BDD5898008F1776 /* APIResource.swift */; };
		6F6E156B2BDD5999008F1776 /* ModelState.swift in Sources */ = {isa = PBXBuildFile; fileRef = 6F6E156A2BDD5999008F1776 /* ModelState.swift */; };
		6F6E156D2BDD5B02008F1776 /* MoviesListShimmerCollectionViewCell.swift in Sources */ = {isa = PBXBuildFile; fileRef = 6F6E156C2BDD5B02008F1776 /* MoviesListShimmerCollectionViewCell.swift */; };
		6F6E156F2BDD5B8B008F1776 /* MovieDetailSection.swift in Sources */ = {isa = PBXBuildFile; fileRef = 6F6E156E2BDD5B8B008F1776 /* MovieDetailSection.swift */; };
		6F6E15722BDD6115008F1776 /* MovieInfoShimmerTableViewCell.swift in Sources */ = {isa = PBXBuildFile; fileRef = 6F6E15712BDD6115008F1776 /* MovieInfoShimmerTableViewCell.swift */; };
		6F6E15742BDD612A008F1776 /* RecommendedShimmerCell.swift in Sources */ = {isa = PBXBuildFile; fileRef = 6F6E15732BDD612A008F1776 /* RecommendedShimmerCell.swift */; };
		6F6E15762BDD6143008F1776 /* CastShimmerCell.swift in Sources */ = {isa = PBXBuildFile; fileRef = 6F6E15752BDD6143008F1776 /* CastShimmerCell.swift */; };
		6F6E15782BDD6175008F1776 /* ActorShimmerCell.swift in Sources */ = {isa = PBXBuildFile; fileRef = 6F6E15772BDD6175008F1776 /* ActorShimmerCell.swift */; };
		6F6E157A2BDD6188008F1776 /* RecommendedMovieShimmerCell.swift in Sources */ = {isa = PBXBuildFile; fileRef = 6F6E15792BDD6188008F1776 /* RecommendedMovieShimmerCell.swift */; };
		6FE220D62BD7790A0063A598 /* MoviesListViewModel.swift in Sources */ = {isa = PBXBuildFile; fileRef = 6FE220D52BD7790A0063A598 /* MoviesListViewModel.swift */; };
		6FE220D82BD779BC0063A598 /* TypealisHandler.swift in Sources */ = {isa = PBXBuildFile; fileRef = 6FE220D72BD779BC0063A598 /* TypealisHandler.swift */; };
		6FE220DA2BD7B4730063A598 /* MovieListView+Extension.swift in Sources */ = {isa = PBXBuildFile; fileRef = 6FE220D92BD7B4730063A598 /* MovieListView+Extension.swift */; };
		6FE220DC2BD7B4A40063A598 /* MovieListCollectionViewCell.swift in Sources */ = {isa = PBXBuildFile; fileRef = 6FE220DB2BD7B4A40063A598 /* MovieListCollectionViewCell.swift */; };
		6FE220E02BD7B52E0063A598 /* UIView+Extension.swift in Sources */ = {isa = PBXBuildFile; fileRef = 6FE220DF2BD7B52E0063A598 /* UIView+Extension.swift */; };
		6FE220E22BD7B5490063A598 /* UIStackView+Extension.swift in Sources */ = {isa = PBXBuildFile; fileRef = 6FE220E12BD7B5490063A598 /* UIStackView+Extension.swift */; };
		6FE220E52BD7B5870063A598 /* PrepareForAutolayout.swift in Sources */ = {isa = PBXBuildFile; fileRef = 6FE220E42BD7B5870063A598 /* PrepareForAutolayout.swift */; };
		6FE2212B2BD8B6610063A598 /* Movie.swift in Sources */ = {isa = PBXBuildFile; fileRef = 6FE2212A2BD8B6610063A598 /* Movie.swift */; };
		6FE221302BDBCDE50063A598 /* MoviesDTO.swift in Sources */ = {isa = PBXBuildFile; fileRef = 6FE2212F2BDBCDE50063A598 /* MoviesDTO.swift */; };
		6FE221322BDBCE020063A598 /* MovieDTO.swift in Sources */ = {isa = PBXBuildFile; fileRef = 6FE221312BDBCE020063A598 /* MovieDTO.swift */; };
		6FE221342BDBCE200063A598 /* PosterDTO.swift in Sources */ = {isa = PBXBuildFile; fileRef = 6FE221332BDBCE200063A598 /* PosterDTO.swift */; };
		6FE221362BDBCE320063A598 /* RatingDTO.swift in Sources */ = {isa = PBXBuildFile; fileRef = 6FE221352BDBCE320063A598 /* RatingDTO.swift */; };
		6FE221382BDBCE4A0063A598 /* CountriesDTO.swift in Sources */ = {isa = PBXBuildFile; fileRef = 6FE221372BDBCE4A0063A598 /* CountriesDTO.swift */; };
		6FE2213A2BDBCE5C0063A598 /* PersonDTO.swift in Sources */ = {isa = PBXBuildFile; fileRef = 6FE221392BDBCE5C0063A598 /* PersonDTO.swift */; };
		6FE2213C2BDBCEE30063A598 /* SpokenLanguageDTO.swift in Sources */ = {isa = PBXBuildFile; fileRef = 6FE2213B2BDBCEE30063A598 /* SpokenLanguageDTO.swift */; };
		6FE2213E2BDBD3370063A598 /* MovieDetail.swift in Sources */ = {isa = PBXBuildFile; fileRef = 6FE2213D2BDBD3370063A598 /* MovieDetail.swift */; };
		6FE221402BDBD38A0063A598 /* MovieInfoTableViewCell.swift in Sources */ = {isa = PBXBuildFile; fileRef = 6FE2213F2BDBD38A0063A598 /* MovieInfoTableViewCell.swift */; };
		6FE221422BDBD3A20063A598 /* DescriptionTableViewCell.swift in Sources */ = {isa = PBXBuildFile; fileRef = 6FE221412BDBD3A20063A598 /* DescriptionTableViewCell.swift */; };
		6FE221442BDBD3B80063A598 /* OtherInfoTableViewCell.swift in Sources */ = {isa = PBXBuildFile; fileRef = 6FE221432BDBD3B80063A598 /* OtherInfoTableViewCell.swift */; };
		6FE221462BDBD3CF0063A598 /* ActorsTableViewCell.swift in Sources */ = {isa = PBXBuildFile; fileRef = 6FE221452BDBD3CF0063A598 /* ActorsTableViewCell.swift */; };
		6FE221482BDBD3ED0063A598 /* LanguagesTableViewCell.swift in Sources */ = {isa = PBXBuildFile; fileRef = 6FE221472BDBD3ED0063A598 /* LanguagesTableViewCell.swift */; };
		6FE2214A2BDBD4060063A598 /* SimilarMoviesTableViewCell.swift in Sources */ = {isa = PBXBuildFile; fileRef = 6FE221492BDBD4060063A598 /* SimilarMoviesTableViewCell.swift */; };
		6FE2214D2BDBD43E0063A598 /* ActorsCollectionViewCell.swift in Sources */ = {isa = PBXBuildFile; fileRef = 6FE2214C2BDBD43E0063A598 /* ActorsCollectionViewCell.swift */; };
		6FE2214F2BDBD4540063A598 /* SimilarMoviesCollectionViewCell.swift in Sources */ = {isa = PBXBuildFile; fileRef = 6FE2214E2BDBD4540063A598 /* SimilarMoviesCollectionViewCell.swift */; };
		6FE221512BDBD4790063A598 /* MovieDetailViewModelProtocol.swift in Sources */ = {isa = PBXBuildFile; fileRef = 6FE221502BDBD4790063A598 /* MovieDetailViewModelProtocol.swift */; };
		6FE221532BDBDA000063A598 /* Colors.xcassets in Resources */ = {isa = PBXBuildFile; fileRef = 6FE221522BDBDA000063A598 /* Colors.xcassets */; };
/* End PBXBuildFile section */

/* Begin PBXFileReference section */
		6F4342682BD68BD70048C64B /* CinemaStar.app */ = {isa = PBXFileReference; explicitFileType = wrapper.application; includeInIndex = 0; path = CinemaStar.app; sourceTree = BUILT_PRODUCTS_DIR; };
		6F43426B2BD68BD70048C64B /* AppDelegate.swift */ = {isa = PBXFileReference; lastKnownFileType = sourcecode.swift; path = AppDelegate.swift; sourceTree = "<group>"; };
		6F43426D2BD68BD70048C64B /* SceneDelegate.swift */ = {isa = PBXFileReference; lastKnownFileType = sourcecode.swift; path = SceneDelegate.swift; sourceTree = "<group>"; };
		6F4342742BD68BD90048C64B /* Assets.xcassets */ = {isa = PBXFileReference; lastKnownFileType = folder.assetcatalog; path = Assets.xcassets; sourceTree = "<group>"; };
		6F4342772BD68BD90048C64B /* Base */ = {isa = PBXFileReference; lastKnownFileType = file.storyboard; name = Base; path = Base.lproj/LaunchScreen.storyboard; sourceTree = "<group>"; };
		6F4342792BD68BD90048C64B /* Info.plist */ = {isa = PBXFileReference; lastKnownFileType = text.plist.xml; path = Info.plist; sourceTree = "<group>"; };
		6F43429F2BD69E0F0048C64B /* BaseCoordinator.swift */ = {isa = PBXFileReference; lastKnownFileType = sourcecode.swift; path = BaseCoordinator.swift; sourceTree = "<group>"; };
		6F4342A12BD69E890048C64B /* AppCoordinator.swift */ = {isa = PBXFileReference; lastKnownFileType = sourcecode.swift; path = AppCoordinator.swift; sourceTree = "<group>"; };
		6F4342A42BD69F040048C64B /* AppBuilder.swift */ = {isa = PBXFileReference; lastKnownFileType = sourcecode.swift; path = AppBuilder.swift; sourceTree = "<group>"; };
		6F4342B12BD6A1940048C64B /* MoviesListViewController.swift */ = {isa = PBXFileReference; lastKnownFileType = sourcecode.swift; path = MoviesListViewController.swift; sourceTree = "<group>"; };
		6F4342B32BD6A1B30048C64B /* MovieDetailViewController.swift */ = {isa = PBXFileReference; lastKnownFileType = sourcecode.swift; path = MovieDetailViewController.swift; sourceTree = "<group>"; };
		6F6E15622BDD538A008F1776 /* KeychainService.swift */ = {isa = PBXFileReference; lastKnownFileType = sourcecode.swift; path = KeychainService.swift; sourceTree = "<group>"; };
		6F6E15642BDD585A008F1776 /* NetworkRequest.swift */ = {isa = PBXFileReference; lastKnownFileType = sourcecode.swift; path = NetworkRequest.swift; sourceTree = "<group>"; };
		6F6E15662BDD587D008F1776 /* APIRequest.swift */ = {isa = PBXFileReference; lastKnownFileType = sourcecode.swift; path = APIRequest.swift; sourceTree = "<group>"; };
		6F6E15682BDD5898008F1776 /* APIResource.swift */ = {isa = PBXFileReference; lastKnownFileType = sourcecode.swift; path = APIResource.swift; sourceTree = "<group>"; };
		6F6E156A2BDD5999008F1776 /* ModelState.swift */ = {isa = PBXFileReference; lastKnownFileType = sourcecode.swift; path = ModelState.swift; sourceTree = "<group>"; };
		6F6E156C2BDD5B02008F1776 /* MoviesListShimmerCollectionViewCell.swift */ = {isa = PBXFileReference; lastKnownFileType = sourcecode.swift; path = MoviesListShimmerCollectionViewCell.swift; sourceTree = "<group>"; };
		6F6E156E2BDD5B8B008F1776 /* MovieDetailSection.swift */ = {isa = PBXFileReference; lastKnownFileType = sourcecode.swift; path = MovieDetailSection.swift; sourceTree = "<group>"; };
		6F6E15712BDD6115008F1776 /* MovieInfoShimmerTableViewCell.swift */ = {isa = PBXFileReference; lastKnownFileType = sourcecode.swift; path = MovieInfoShimmerTableViewCell.swift; sourceTree = "<group>"; };
		6F6E15732BDD612A008F1776 /* RecommendedShimmerCell.swift */ = {isa = PBXFileReference; lastKnownFileType = sourcecode.swift; path = RecommendedShimmerCell.swift; sourceTree = "<group>"; };
		6F6E15752BDD6143008F1776 /* CastShimmerCell.swift */ = {isa = PBXFileReference; lastKnownFileType = sourcecode.swift; path = CastShimmerCell.swift; sourceTree = "<group>"; };
		6F6E15772BDD6175008F1776 /* ActorShimmerCell.swift */ = {isa = PBXFileReference; lastKnownFileType = sourcecode.swift; path = ActorShimmerCell.swift; sourceTree = "<group>"; };
		6F6E15792BDD6188008F1776 /* RecommendedMovieShimmerCell.swift */ = {isa = PBXFileReference; lastKnownFileType = sourcecode.swift; path = RecommendedMovieShimmerCell.swift; sourceTree = "<group>"; };
		6FE220D52BD7790A0063A598 /* MoviesListViewModel.swift */ = {isa = PBXFileReference; lastKnownFileType = sourcecode.swift; path = MoviesListViewModel.swift; sourceTree = "<group>"; };
		6FE220D72BD779BC0063A598 /* TypealisHandler.swift */ = {isa = PBXFileReference; lastKnownFileType = sourcecode.swift; path = TypealisHandler.swift; sourceTree = "<group>"; };
		6FE220D92BD7B4730063A598 /* MovieListView+Extension.swift */ = {isa = PBXFileReference; lastKnownFileType = sourcecode.swift; path = "MovieListView+Extension.swift"; sourceTree = "<group>"; };
		6FE220DB2BD7B4A40063A598 /* MovieListCollectionViewCell.swift */ = {isa = PBXFileReference; lastKnownFileType = sourcecode.swift; path = MovieListCollectionViewCell.swift; sourceTree = "<group>"; };
		6FE220DF2BD7B52E0063A598 /* UIView+Extension.swift */ = {isa = PBXFileReference; lastKnownFileType = sourcecode.swift; path = "UIView+Extension.swift"; sourceTree = "<group>"; };
		6FE220E12BD7B5490063A598 /* UIStackView+Extension.swift */ = {isa = PBXFileReference; lastKnownFileType = sourcecode.swift; path = "UIStackView+Extension.swift"; sourceTree = "<group>"; };
		6FE220E42BD7B5870063A598 /* PrepareForAutolayout.swift */ = {isa = PBXFileReference; lastKnownFileType = sourcecode.swift; path = PrepareForAutolayout.swift; sourceTree = "<group>"; };
		6FE2212A2BD8B6610063A598 /* Movie.swift */ = {isa = PBXFileReference; lastKnownFileType = sourcecode.swift; path = Movie.swift; sourceTree = "<group>"; };
		6FE2212F2BDBCDE50063A598 /* MoviesDTO.swift */ = {isa = PBXFileReference; lastKnownFileType = sourcecode.swift; path = MoviesDTO.swift; sourceTree = "<group>"; };
		6FE221312BDBCE020063A598 /* MovieDTO.swift */ = {isa = PBXFileReference; lastKnownFileType = sourcecode.swift; path = MovieDTO.swift; sourceTree = "<group>"; };
		6FE221332BDBCE200063A598 /* PosterDTO.swift */ = {isa = PBXFileReference; lastKnownFileType = sourcecode.swift; path = PosterDTO.swift; sourceTree = "<group>"; };
		6FE221352BDBCE320063A598 /* RatingDTO.swift */ = {isa = PBXFileReference; lastKnownFileType = sourcecode.swift; path = RatingDTO.swift; sourceTree = "<group>"; };
		6FE221372BDBCE4A0063A598 /* CountriesDTO.swift */ = {isa = PBXFileReference; lastKnownFileType = sourcecode.swift; path = CountriesDTO.swift; sourceTree = "<group>"; };
		6FE221392BDBCE5C0063A598 /* PersonDTO.swift */ = {isa = PBXFileReference; lastKnownFileType = sourcecode.swift; path = PersonDTO.swift; sourceTree = "<group>"; };
		6FE2213B2BDBCEE30063A598 /* SpokenLanguageDTO.swift */ = {isa = PBXFileReference; lastKnownFileType = sourcecode.swift; path = SpokenLanguageDTO.swift; sourceTree = "<group>"; };
		6FE2213D2BDBD3370063A598 /* MovieDetail.swift */ = {isa = PBXFileReference; lastKnownFileType = sourcecode.swift; path = MovieDetail.swift; sourceTree = "<group>"; };
		6FE2213F2BDBD38A0063A598 /* MovieInfoTableViewCell.swift */ = {isa = PBXFileReference; lastKnownFileType = sourcecode.swift; path = MovieInfoTableViewCell.swift; sourceTree = "<group>"; };
		6FE221412BDBD3A20063A598 /* DescriptionTableViewCell.swift */ = {isa = PBXFileReference; lastKnownFileType = sourcecode.swift; path = DescriptionTableViewCell.swift; sourceTree = "<group>"; };
		6FE221432BDBD3B80063A598 /* OtherInfoTableViewCell.swift */ = {isa = PBXFileReference; lastKnownFileType = sourcecode.swift; path = OtherInfoTableViewCell.swift; sourceTree = "<group>"; };
		6FE221452BDBD3CF0063A598 /* ActorsTableViewCell.swift */ = {isa = PBXFileReference; lastKnownFileType = sourcecode.swift; path = ActorsTableViewCell.swift; sourceTree = "<group>"; };
		6FE221472BDBD3ED0063A598 /* LanguagesTableViewCell.swift */ = {isa = PBXFileReference; lastKnownFileType = sourcecode.swift; path = LanguagesTableViewCell.swift; sourceTree = "<group>"; };
		6FE221492BDBD4060063A598 /* SimilarMoviesTableViewCell.swift */ = {isa = PBXFileReference; lastKnownFileType = sourcecode.swift; path = SimilarMoviesTableViewCell.swift; sourceTree = "<group>"; };
		6FE2214C2BDBD43E0063A598 /* ActorsCollectionViewCell.swift */ = {isa = PBXFileReference; lastKnownFileType = sourcecode.swift; path = ActorsCollectionViewCell.swift; sourceTree = "<group>"; };
		6FE2214E2BDBD4540063A598 /* SimilarMoviesCollectionViewCell.swift */ = {isa = PBXFileReference; lastKnownFileType = sourcecode.swift; path = SimilarMoviesCollectionViewCell.swift; sourceTree = "<group>"; };
		6FE221502BDBD4790063A598 /* MovieDetailViewModelProtocol.swift */ = {isa = PBXFileReference; lastKnownFileType = sourcecode.swift; path = MovieDetailViewModelProtocol.swift; sourceTree = "<group>"; };
		6FE221522BDBDA000063A598 /* Colors.xcassets */ = {isa = PBXFileReference; lastKnownFileType = folder.assetcatalog; path = Colors.xcassets; sourceTree = "<group>"; };
/* End PBXFileReference section */

/* Begin PBXFrameworksBuildPhase section */
		6F4342652BD68BD70048C64B /* Frameworks */ = {
			isa = PBXFrameworksBuildPhase;
			buildActionMask = 2147483647;
			files = (
				6F6E15612BDD5222008F1776 /* KeychainSwift in Frameworks */,
			);
			runOnlyForDeploymentPostprocessing = 0;
		};
/* End PBXFrameworksBuildPhase section */

/* Begin PBXGroup section */
		6F43425F2BD68BD70048C64B = {
			isa = PBXGroup;
			children = (
				6F43426A2BD68BD70048C64B /* CinemaStar */,
				6F4342692BD68BD70048C64B /* Products */,
			);
			sourceTree = "<group>";
		};
		6F4342692BD68BD70048C64B /* Products */ = {
			isa = PBXGroup;
			children = (
				6F4342682BD68BD70048C64B /* CinemaStar.app */,
			);
			name = Products;
			sourceTree = "<group>";
		};
		6F43426A2BD68BD70048C64B /* CinemaStar */ = {
			isa = PBXGroup;
			children = (
				6FE221272BD8B44B0063A598 /* NetworkService */,
				6F43426B2BD68BD70048C64B /* AppDelegate.swift */,
				6FE220D72BD779BC0063A598 /* TypealisHandler.swift */,
				6F43426D2BD68BD70048C64B /* SceneDelegate.swift */,
				6F6E157D2BDD7510008F1776 /* Keychain */,
				6F4342742BD68BD90048C64B /* Assets.xcassets */,
				6FE221522BDBDA000063A598 /* Colors.xcassets */,
				6F4342762BD68BD90048C64B /* LaunchScreen.storyboard */,
				6F4342792BD68BD90048C64B /* Info.plist */,
				6F4342A62BD6A0630048C64B /* Modules */,
				6F4342A32BD69EE60048C64B /* Builder */,
				6FE220DE2BD7B50E0063A598 /* Extension */,
				6FE220E32BD7B5630063A598 /* Helpers */,
				6F43429E2BD69DEA0048C64B /* Coordinators */,
			);
			path = CinemaStar;
			sourceTree = "<group>";
		};
		6F43429E2BD69DEA0048C64B /* Coordinators */ = {
			isa = PBXGroup;
			children = (
				6F43429F2BD69E0F0048C64B /* BaseCoordinator.swift */,
				6F4342A12BD69E890048C64B /* AppCoordinator.swift */,
			);
			path = Coordinators;
			sourceTree = "<group>";
		};
		6F4342A32BD69EE60048C64B /* Builder */ = {
			isa = PBXGroup;
			children = (
				6F4342A42BD69F040048C64B /* AppBuilder.swift */,
			);
			path = Builder;
			sourceTree = "<group>";
		};
		6F4342A62BD6A0630048C64B /* Modules */ = {
			isa = PBXGroup;
			children = (
				6F4342A92BD6A0920048C64B /* MovieListModule */,
				6F4342AD2BD6A0C90048C64B /* MovieDetailModule */,
			);
			path = Modules;
			sourceTree = "<group>";
		};
		6F4342A92BD6A0920048C64B /* MovieListModule */ = {
			isa = PBXGroup;
			children = (
				6F4342AA2BD6A0A70048C64B /* Model */,
				6F4342AB2BD6A0AE0048C64B /* View */,
				6F4342AC2BD6A0B50048C64B /* ViewModel */,
			);
			path = MovieListModule;
			sourceTree = "<group>";
		};
		6F4342AA2BD6A0A70048C64B /* Model */ = {
			isa = PBXGroup;
			children = (
				6FE2212A2BD8B6610063A598 /* Movie.swift */,
				6F6E156A2BDD5999008F1776 /* ModelState.swift */,
			);
			path = Model;
			sourceTree = "<group>";
		};
		6F4342AB2BD6A0AE0048C64B /* View */ = {
			isa = PBXGroup;
			children = (
				6F4342B12BD6A1940048C64B /* MoviesListViewController.swift */,
				6FE220D92BD7B4730063A598 /* MovieListView+Extension.swift */,
				6FE220DD2BD7B4E10063A598 /* Cell */,
			);
			path = View;
			sourceTree = "<group>";
		};
		6F4342AC2BD6A0B50048C64B /* ViewModel */ = {
			isa = PBXGroup;
			children = (
				6FE220D52BD7790A0063A598 /* MoviesListViewModel.swift */,
			);
			path = ViewModel;
			sourceTree = "<group>";
		};
		6F4342AD2BD6A0C90048C64B /* MovieDetailModule */ = {
			isa = PBXGroup;
			children = (
				6F4342B02BD6A0EF0048C64B /* Model */,
				6F4342AF2BD6A0EB0048C64B /* View */,
				6F4342AE2BD6A0DD0048C64B /* ViewModel */,
			);
			path = MovieDetailModule;
			sourceTree = "<group>";
		};
		6F4342AE2BD6A0DD0048C64B /* ViewModel */ = {
			isa = PBXGroup;
			children = (
				6FE221502BDBD4790063A598 /* MovieDetailViewModelProtocol.swift */,
			);
			path = ViewModel;
			sourceTree = "<group>";
		};
		6F4342AF2BD6A0EB0048C64B /* View */ = {
			isa = PBXGroup;
			children = (
				6F6E15702BDD60F4008F1776 /* ShimmerCell */,
				6FE2214B2BDBD4290063A598 /* Cell */,
				6F4342B32BD6A1B30048C64B /* MovieDetailViewController.swift */,
			);
			path = View;
			sourceTree = "<group>";
		};
		6F4342B02BD6A0EF0048C64B /* Model */ = {
			isa = PBXGroup;
			children = (
				6FE2213D2BDBD3370063A598 /* MovieDetail.swift */,
				6F6E156E2BDD5B8B008F1776 /* MovieDetailSection.swift */,
			);
			path = Model;
			sourceTree = "<group>";
		};
		6F6E15702BDD60F4008F1776 /* ShimmerCell */ = {
			isa = PBXGroup;
			children = (
				6F6E15712BDD6115008F1776 /* MovieInfoShimmerTableViewCell.swift */,
				6F6E15732BDD612A008F1776 /* RecommendedShimmerCell.swift */,
				6F6E15752BDD6143008F1776 /* CastShimmerCell.swift */,
				6F6E15772BDD6175008F1776 /* ActorShimmerCell.swift */,
				6F6E15792BDD6188008F1776 /* RecommendedMovieShimmerCell.swift */,
			);
			path = ShimmerCell;
			sourceTree = "<group>";
		};
		6F6E157B2BDD64B9008F1776 /* TableViewCells */ = {
			isa = PBXGroup;
			children = (
				6FE2213F2BDBD38A0063A598 /* MovieInfoTableViewCell.swift */,
				6FE221412BDBD3A20063A598 /* DescriptionTableViewCell.swift */,
				6FE221432BDBD3B80063A598 /* OtherInfoTableViewCell.swift */,
				6FE221452BDBD3CF0063A598 /* ActorsTableViewCell.swift */,
				6FE221472BDBD3ED0063A598 /* LanguagesTableViewCell.swift */,
				6FE221492BDBD4060063A598 /* SimilarMoviesTableViewCell.swift */,
				6F6E157C2BDD64EB008F1776 /* CollectionViewCells */,
			);
			path = TableViewCells;
			sourceTree = "<group>";
		};
		6F6E157C2BDD64EB008F1776 /* CollectionViewCells */ = {
			isa = PBXGroup;
			children = (
				6FE2214E2BDBD4540063A598 /* SimilarMoviesCollectionViewCell.swift */,
				6FE2214C2BDBD43E0063A598 /* ActorsCollectionViewCell.swift */,
			);
			path = CollectionViewCells;
			sourceTree = "<group>";
		};
		6F6E157D2BDD7510008F1776 /* Keychain */ = {
			isa = PBXGroup;
			children = (
				6F6E15622BDD538A008F1776 /* KeychainService.swift */,
			);
			path = Keychain;
			sourceTree = "<group>";
		};
		6FE220DD2BD7B4E10063A598 /* Cell */ = {
			isa = PBXGroup;
			children = (
				6FE220DB2BD7B4A40063A598 /* MovieListCollectionViewCell.swift */,
				6F6E156C2BDD5B02008F1776 /* MoviesListShimmerCollectionViewCell.swift */,
			);
			path = Cell;
			sourceTree = "<group>";
		};
		6FE220DE2BD7B50E0063A598 /* Extension */ = {
			isa = PBXGroup;
			children = (
				6FE220DF2BD7B52E0063A598 /* UIView+Extension.swift */,
				6FE220E12BD7B5490063A598 /* UIStackView+Extension.swift */,
			);
			path = Extension;
			sourceTree = "<group>";
		};
		6FE220E32BD7B5630063A598 /* Helpers */ = {
			isa = PBXGroup;
			children = (
				6FE220E42BD7B5870063A598 /* PrepareForAutolayout.swift */,
			);
			path = Helpers;
			sourceTree = "<group>";
		};
		6FE221272BD8B44B0063A598 /* NetworkService */ = {
			isa = PBXGroup;
			children = (
				6FE2212E2BDBCDCE0063A598 /* DTO */,
				6F6E15642BDD585A008F1776 /* NetworkRequest.swift */,
				6F6E15662BDD587D008F1776 /* APIRequest.swift */,
				6F6E15682BDD5898008F1776 /* APIResource.swift */,
			);
			path = NetworkService;
			sourceTree = "<group>";
		};
		6FE2212E2BDBCDCE0063A598 /* DTO */ = {
			isa = PBXGroup;
			children = (
				6FE2212F2BDBCDE50063A598 /* MoviesDTO.swift */,
				6FE221312BDBCE020063A598 /* MovieDTO.swift */,
				6FE221332BDBCE200063A598 /* PosterDTO.swift */,
				6FE221352BDBCE320063A598 /* RatingDTO.swift */,
				6FE221372BDBCE4A0063A598 /* CountriesDTO.swift */,
				6FE221392BDBCE5C0063A598 /* PersonDTO.swift */,
				6FE2213B2BDBCEE30063A598 /* SpokenLanguageDTO.swift */,
			);
			path = DTO;
			sourceTree = "<group>";
		};
		6FE2214B2BDBD4290063A598 /* Cell */ = {
			isa = PBXGroup;
			children = (
				6F6E157B2BDD64B9008F1776 /* TableViewCells */,
			);
			path = Cell;
			sourceTree = "<group>";
		};
/* End PBXGroup section */

/* Begin PBXNativeTarget section */
		6F4342672BD68BD70048C64B /* CinemaStar */ = {
			isa = PBXNativeTarget;
			buildConfigurationList = 6F4342922BD68BD90048C64B /* Build configuration list for PBXNativeTarget "CinemaStar" */;
			buildPhases = (
				6F43429C2BD690DB0048C64B /* SwiftFormat */,
				6F43429B2BD690AC0048C64B /* SwiftLint */,
				6F4342642BD68BD70048C64B /* Sources */,
				6F4342652BD68BD70048C64B /* Frameworks */,
				6F4342662BD68BD70048C64B /* Resources */,
			);
			buildRules = (
			);
			dependencies = (
			);
			name = CinemaStar;
			packageProductDependencies = (
				6F6E15602BDD5222008F1776 /* KeychainSwift */,
			);
			productName = CinemaStar;
			productReference = 6F4342682BD68BD70048C64B /* CinemaStar.app */;
			productType = "com.apple.product-type.application";
		};
/* End PBXNativeTarget section */

/* Begin PBXProject section */
		6F4342602BD68BD70048C64B /* Project object */ = {
			isa = PBXProject;
			attributes = {
				BuildIndependentTargetsInParallel = 1;
				LastSwiftUpdateCheck = 1530;
				LastUpgradeCheck = 1530;
				TargetAttributes = {
					6F4342672BD68BD70048C64B = {
						CreatedOnToolsVersion = 15.3;
					};
				};
			};
			buildConfigurationList = 6F4342632BD68BD70048C64B /* Build configuration list for PBXProject "CinemaStar" */;
			compatibilityVersion = "Xcode 14.0";
			developmentRegion = en;
			hasScannedForEncodings = 0;
			knownRegions = (
				en,
				Base,
			);
			mainGroup = 6F43425F2BD68BD70048C64B;
			packageReferences = (
				6F6E155F2BDD5222008F1776 /* XCRemoteSwiftPackageReference "keychain-swift" */,
			);
			productRefGroup = 6F4342692BD68BD70048C64B /* Products */;
			projectDirPath = "";
			projectRoot = "";
			targets = (
				6F4342672BD68BD70048C64B /* CinemaStar */,
			);
		};
/* End PBXProject section */

/* Begin PBXResourcesBuildPhase section */
		6F4342662BD68BD70048C64B /* Resources */ = {
			isa = PBXResourcesBuildPhase;
			buildActionMask = 2147483647;
			files = (
				6FE221532BDBDA000063A598 /* Colors.xcassets in Resources */,
				6F4342752BD68BD90048C64B /* Assets.xcassets in Resources */,
				6F4342782BD68BD90048C64B /* Base in Resources */,
			);
			runOnlyForDeploymentPostprocessing = 0;
		};
/* End PBXResourcesBuildPhase section */

/* Begin PBXShellScriptBuildPhase section */
		6F43429B2BD690AC0048C64B /* SwiftLint */ = {
			isa = PBXShellScriptBuildPhase;
			alwaysOutOfDate = 1;
			buildActionMask = 2147483647;
			files = (
			);
			inputFileListPaths = (
			);
			inputPaths = (
			);
			name = SwiftLint;
			outputFileListPaths = (
			);
			outputPaths = (
			);
			runOnlyForDeploymentPostprocessing = 0;
			shellPath = /bin/sh;
			shellScript = "if [[ \"$(uname -m)\" == arm64 ]]; then\n    export PATH=\"/opt/homebrew/bin:$PATH\"\nfi\n\nif which swiftlint > /dev/null; then\n  swiftlint\nelse\n  echo \"warning: SwiftLint not installed, download from https://github.com/realm/SwiftLint\"\nfi\n";
			showEnvVarsInLog = 0;
		};
		6F43429C2BD690DB0048C64B /* SwiftFormat */ = {
			isa = PBXShellScriptBuildPhase;
			alwaysOutOfDate = 1;
			buildActionMask = 2147483647;
			files = (
			);
			inputFileListPaths = (
			);
			inputPaths = (
			);
			name = SwiftFormat;
			outputFileListPaths = (
			);
			outputPaths = (
			);
			runOnlyForDeploymentPostprocessing = 0;
			shellPath = /bin/sh;
			shellScript = "if [[ \"$(uname -m)\" == arm64 ]]; then\n    export PATH=\"/opt/homebrew/bin:$PATH\"\nfi\n\nif which swiftformat >/dev/null; then\n  swiftformat .\nelse\n  echo \"warning: SwiftFormat not installed, download from https://github.com/nicklockwood/SwiftFormat\"\nfi\n";
			showEnvVarsInLog = 0;
		};
/* End PBXShellScriptBuildPhase section */

/* Begin PBXSourcesBuildPhase section */
		6F4342642BD68BD70048C64B /* Sources */ = {
			isa = PBXSourcesBuildPhase;
			buildActionMask = 2147483647;
			files = (
				6F6E15692BDD5898008F1776 /* APIResource.swift in Sources */,
				6F43426C2BD68BD70048C64B /* AppDelegate.swift in Sources */,
				6FE220E52BD7B5870063A598 /* PrepareForAutolayout.swift in Sources */,
				6F4342A22BD69E890048C64B /* AppCoordinator.swift in Sources */,
				6F6E15762BDD6143008F1776 /* CastShimmerCell.swift in Sources */,
				6FE221462BDBD3CF0063A598 /* ActorsTableViewCell.swift in Sources */,
				6F43426E2BD68BD70048C64B /* SceneDelegate.swift in Sources */,
				6FE221482BDBD3ED0063A598 /* LanguagesTableViewCell.swift in Sources */,
				6FE221302BDBCDE50063A598 /* MoviesDTO.swift in Sources */,
				6F6E15742BDD612A008F1776 /* RecommendedShimmerCell.swift in Sources */,
				6F4342B42BD6A1B30048C64B /* MovieDetailViewController.swift in Sources */,
				6F4342B22BD6A1940048C64B /* MoviesListViewController.swift in Sources */,
				6FE2213A2BDBCE5C0063A598 /* PersonDTO.swift in Sources */,
				6FE2214F2BDBD4540063A598 /* SimilarMoviesCollectionViewCell.swift in Sources */,
				6F4342A02BD69E0F0048C64B /* BaseCoordinator.swift in Sources */,
				6FE221362BDBCE320063A598 /* RatingDTO.swift in Sources */,
				6F6E15652BDD585A008F1776 /* NetworkRequest.swift in Sources */,
				6F4342A52BD69F040048C64B /* AppBuilder.swift in Sources */,
				6FE220E22BD7B5490063A598 /* UIStackView+Extension.swift in Sources */,
				6FE2213C2BDBCEE30063A598 /* SpokenLanguageDTO.swift in Sources */,
				6FE220E02BD7B52E0063A598 /* UIView+Extension.swift in Sources */,
				6FE2213E2BDBD3370063A598 /* MovieDetail.swift in Sources */,
				6F6E15632BDD538A008F1776 /* KeychainService.swift in Sources */,
				6F6E156B2BDD5999008F1776 /* ModelState.swift in Sources */,
				6FE2214A2BDBD4060063A598 /* SimilarMoviesTableViewCell.swift in Sources */,
				6FE220DC2BD7B4A40063A598 /* MovieListCollectionViewCell.swift in Sources */,
				6FE221442BDBD3B80063A598 /* OtherInfoTableViewCell.swift in Sources */,
				6FE221382BDBCE4A0063A598 /* CountriesDTO.swift in Sources */,
				6F6E15722BDD6115008F1776 /* MovieInfoShimmerTableViewCell.swift in Sources */,
				6FE220D82BD779BC0063A598 /* TypealisHandler.swift in Sources */,
				6FE221322BDBCE020063A598 /* MovieDTO.swift in Sources */,
				6FE221422BDBD3A20063A598 /* DescriptionTableViewCell.swift in Sources */,
				6F6E157A2BDD6188008F1776 /* RecommendedMovieShimmerCell.swift in Sources */,
				6FE221402BDBD38A0063A598 /* MovieInfoTableViewCell.swift in Sources */,
				6FE220D62BD7790A0063A598 /* MoviesListViewModel.swift in Sources */,
				6F6E156F2BDD5B8B008F1776 /* MovieDetailSection.swift in Sources */,
				6F6E156D2BDD5B02008F1776 /* MoviesListShimmerCollectionViewCell.swift in Sources */,
				6F6E15782BDD6175008F1776 /* ActorShimmerCell.swift in Sources */,
				6FE221512BDBD4790063A598 /* MovieDetailViewModelProtocol.swift in Sources */,
				6FE2214D2BDBD43E0063A598 /* ActorsCollectionViewCell.swift in Sources */,
				6FE220DA2BD7B4730063A598 /* MovieListView+Extension.swift in Sources */,
				6FE221342BDBCE200063A598 /* PosterDTO.swift in Sources */,
				6F6E15672BDD587D008F1776 /* APIRequest.swift in Sources */,
				6FE2212B2BD8B6610063A598 /* Movie.swift in Sources */,
			);
			runOnlyForDeploymentPostprocessing = 0;
		};
/* End PBXSourcesBuildPhase section */

/* Begin PBXVariantGroup section */
		6F4342762BD68BD90048C64B /* LaunchScreen.storyboard */ = {
			isa = PBXVariantGroup;
			children = (
				6F4342772BD68BD90048C64B /* Base */,
			);
			name = LaunchScreen.storyboard;
			sourceTree = "<group>";
		};
/* End PBXVariantGroup section */

/* Begin XCBuildConfiguration section */
		6F4342902BD68BD90048C64B /* Debug */ = {
			isa = XCBuildConfiguration;
			buildSettings = {
				ALWAYS_SEARCH_USER_PATHS = NO;
				ASSETCATALOG_COMPILER_GENERATE_SWIFT_ASSET_SYMBOL_EXTENSIONS = YES;
				CLANG_ANALYZER_NONNULL = YES;
				CLANG_ANALYZER_NUMBER_OBJECT_CONVERSION = YES_AGGRESSIVE;
				CLANG_CXX_LANGUAGE_STANDARD = "gnu++20";
				CLANG_ENABLE_MODULES = YES;
				CLANG_ENABLE_OBJC_ARC = YES;
				CLANG_ENABLE_OBJC_WEAK = YES;
				CLANG_WARN_BLOCK_CAPTURE_AUTORELEASING = YES;
				CLANG_WARN_BOOL_CONVERSION = YES;
				CLANG_WARN_COMMA = YES;
				CLANG_WARN_CONSTANT_CONVERSION = YES;
				CLANG_WARN_DEPRECATED_OBJC_IMPLEMENTATIONS = YES;
				CLANG_WARN_DIRECT_OBJC_ISA_USAGE = YES_ERROR;
				CLANG_WARN_DOCUMENTATION_COMMENTS = YES;
				CLANG_WARN_EMPTY_BODY = YES;
				CLANG_WARN_ENUM_CONVERSION = YES;
				CLANG_WARN_INFINITE_RECURSION = YES;
				CLANG_WARN_INT_CONVERSION = YES;
				CLANG_WARN_NON_LITERAL_NULL_CONVERSION = YES;
				CLANG_WARN_OBJC_IMPLICIT_RETAIN_SELF = YES;
				CLANG_WARN_OBJC_LITERAL_CONVERSION = YES;
				CLANG_WARN_OBJC_ROOT_CLASS = YES_ERROR;
				CLANG_WARN_QUOTED_INCLUDE_IN_FRAMEWORK_HEADER = YES;
				CLANG_WARN_RANGE_LOOP_ANALYSIS = YES;
				CLANG_WARN_STRICT_PROTOTYPES = YES;
				CLANG_WARN_SUSPICIOUS_MOVE = YES;
				CLANG_WARN_UNGUARDED_AVAILABILITY = YES_AGGRESSIVE;
				CLANG_WARN_UNREACHABLE_CODE = YES;
				CLANG_WARN__DUPLICATE_METHOD_MATCH = YES;
				COPY_PHASE_STRIP = NO;
				DEBUG_INFORMATION_FORMAT = dwarf;
				ENABLE_STRICT_OBJC_MSGSEND = YES;
				ENABLE_TESTABILITY = YES;
				ENABLE_USER_SCRIPT_SANDBOXING = YES;
				GCC_C_LANGUAGE_STANDARD = gnu17;
				GCC_DYNAMIC_NO_PIC = NO;
				GCC_NO_COMMON_BLOCKS = YES;
				GCC_OPTIMIZATION_LEVEL = 0;
				GCC_PREPROCESSOR_DEFINITIONS = (
					"DEBUG=1",
					"$(inherited)",
				);
				GCC_WARN_64_TO_32_BIT_CONVERSION = YES;
				GCC_WARN_ABOUT_RETURN_TYPE = YES_ERROR;
				GCC_WARN_UNDECLARED_SELECTOR = YES;
				GCC_WARN_UNINITIALIZED_AUTOS = YES_AGGRESSIVE;
				GCC_WARN_UNUSED_FUNCTION = YES;
				GCC_WARN_UNUSED_VARIABLE = YES;
				IPHONEOS_DEPLOYMENT_TARGET = 17.4;
				LOCALIZATION_PREFERS_STRING_CATALOGS = YES;
				MTL_ENABLE_DEBUG_INFO = INCLUDE_SOURCE;
				MTL_FAST_MATH = YES;
				ONLY_ACTIVE_ARCH = YES;
				SDKROOT = iphoneos;
				SWIFT_ACTIVE_COMPILATION_CONDITIONS = "DEBUG $(inherited)";
				SWIFT_OPTIMIZATION_LEVEL = "-Onone";
			};
			name = Debug;
		};
		6F4342912BD68BD90048C64B /* Release */ = {
			isa = XCBuildConfiguration;
			buildSettings = {
				ALWAYS_SEARCH_USER_PATHS = NO;
				ASSETCATALOG_COMPILER_GENERATE_SWIFT_ASSET_SYMBOL_EXTENSIONS = YES;
				CLANG_ANALYZER_NONNULL = YES;
				CLANG_ANALYZER_NUMBER_OBJECT_CONVERSION = YES_AGGRESSIVE;
				CLANG_CXX_LANGUAGE_STANDARD = "gnu++20";
				CLANG_ENABLE_MODULES = YES;
				CLANG_ENABLE_OBJC_ARC = YES;
				CLANG_ENABLE_OBJC_WEAK = YES;
				CLANG_WARN_BLOCK_CAPTURE_AUTORELEASING = YES;
				CLANG_WARN_BOOL_CONVERSION = YES;
				CLANG_WARN_COMMA = YES;
				CLANG_WARN_CONSTANT_CONVERSION = YES;
				CLANG_WARN_DEPRECATED_OBJC_IMPLEMENTATIONS = YES;
				CLANG_WARN_DIRECT_OBJC_ISA_USAGE = YES_ERROR;
				CLANG_WARN_DOCUMENTATION_COMMENTS = YES;
				CLANG_WARN_EMPTY_BODY = YES;
				CLANG_WARN_ENUM_CONVERSION = YES;
				CLANG_WARN_INFINITE_RECURSION = YES;
				CLANG_WARN_INT_CONVERSION = YES;
				CLANG_WARN_NON_LITERAL_NULL_CONVERSION = YES;
				CLANG_WARN_OBJC_IMPLICIT_RETAIN_SELF = YES;
				CLANG_WARN_OBJC_LITERAL_CONVERSION = YES;
				CLANG_WARN_OBJC_ROOT_CLASS = YES_ERROR;
				CLANG_WARN_QUOTED_INCLUDE_IN_FRAMEWORK_HEADER = YES;
				CLANG_WARN_RANGE_LOOP_ANALYSIS = YES;
				CLANG_WARN_STRICT_PROTOTYPES = YES;
				CLANG_WARN_SUSPICIOUS_MOVE = YES;
				CLANG_WARN_UNGUARDED_AVAILABILITY = YES_AGGRESSIVE;
				CLANG_WARN_UNREACHABLE_CODE = YES;
				CLANG_WARN__DUPLICATE_METHOD_MATCH = YES;
				COPY_PHASE_STRIP = NO;
				DEBUG_INFORMATION_FORMAT = "dwarf-with-dsym";
				ENABLE_NS_ASSERTIONS = NO;
				ENABLE_STRICT_OBJC_MSGSEND = YES;
				ENABLE_USER_SCRIPT_SANDBOXING = YES;
				GCC_C_LANGUAGE_STANDARD = gnu17;
				GCC_NO_COMMON_BLOCKS = YES;
				GCC_WARN_64_TO_32_BIT_CONVERSION = YES;
				GCC_WARN_ABOUT_RETURN_TYPE = YES_ERROR;
				GCC_WARN_UNDECLARED_SELECTOR = YES;
				GCC_WARN_UNINITIALIZED_AUTOS = YES_AGGRESSIVE;
				GCC_WARN_UNUSED_FUNCTION = YES;
				GCC_WARN_UNUSED_VARIABLE = YES;
				IPHONEOS_DEPLOYMENT_TARGET = 17.4;
				LOCALIZATION_PREFERS_STRING_CATALOGS = YES;
				MTL_ENABLE_DEBUG_INFO = NO;
				MTL_FAST_MATH = YES;
				SDKROOT = iphoneos;
				SWIFT_COMPILATION_MODE = wholemodule;
				VALIDATE_PRODUCT = YES;
			};
			name = Release;
		};
		6F4342932BD68BD90048C64B /* Debug */ = {
			isa = XCBuildConfiguration;
			buildSettings = {
				ASSETCATALOG_COMPILER_APPICON_NAME = AppIcon;
				ASSETCATALOG_COMPILER_GLOBAL_ACCENT_COLOR_NAME = AccentColor;
				CODE_SIGN_STYLE = Automatic;
				CURRENT_PROJECT_VERSION = 1;
				ENABLE_USER_SCRIPT_SANDBOXING = NO;
				GENERATE_INFOPLIST_FILE = YES;
				INFOPLIST_FILE = CinemaStar/Info.plist;
				INFOPLIST_KEY_UIApplicationSupportsIndirectInputEvents = YES;
				INFOPLIST_KEY_UILaunchStoryboardName = LaunchScreen;
				INFOPLIST_KEY_UISupportedInterfaceOrientations_iPad = "UIInterfaceOrientationPortrait UIInterfaceOrientationPortraitUpsideDown UIInterfaceOrientationLandscapeLeft UIInterfaceOrientationLandscapeRight";
				INFOPLIST_KEY_UISupportedInterfaceOrientations_iPhone = "UIInterfaceOrientationPortrait UIInterfaceOrientationLandscapeLeft UIInterfaceOrientationLandscapeRight";
				LD_RUNPATH_SEARCH_PATHS = (
					"$(inherited)",
					"@executable_path/Frameworks",
				);
				MARKETING_VERSION = 1.0;
				PRODUCT_BUNDLE_IDENTIFIER = com.omak.CinemaStar;
				PRODUCT_NAME = "$(TARGET_NAME)";
				SWIFT_EMIT_LOC_STRINGS = YES;
				SWIFT_VERSION = 5.0;
				TARGETED_DEVICE_FAMILY = "1,2";
			};
			name = Debug;
		};
		6F4342942BD68BD90048C64B /* Release */ = {
			isa = XCBuildConfiguration;
			buildSettings = {
				ASSETCATALOG_COMPILER_APPICON_NAME = AppIcon;
				ASSETCATALOG_COMPILER_GLOBAL_ACCENT_COLOR_NAME = AccentColor;
				CODE_SIGN_STYLE = Automatic;
				CURRENT_PROJECT_VERSION = 1;
				ENABLE_USER_SCRIPT_SANDBOXING = NO;
				GENERATE_INFOPLIST_FILE = YES;
				INFOPLIST_FILE = CinemaStar/Info.plist;
				INFOPLIST_KEY_UIApplicationSupportsIndirectInputEvents = YES;
				INFOPLIST_KEY_UILaunchStoryboardName = LaunchScreen;
				INFOPLIST_KEY_UISupportedInterfaceOrientations_iPad = "UIInterfaceOrientationPortrait UIInterfaceOrientationPortraitUpsideDown UIInterfaceOrientationLandscapeLeft UIInterfaceOrientationLandscapeRight";
				INFOPLIST_KEY_UISupportedInterfaceOrientations_iPhone = "UIInterfaceOrientationPortrait UIInterfaceOrientationLandscapeLeft UIInterfaceOrientationLandscapeRight";
				LD_RUNPATH_SEARCH_PATHS = (
					"$(inherited)",
					"@executable_path/Frameworks",
				);
				MARKETING_VERSION = 1.0;
				PRODUCT_BUNDLE_IDENTIFIER = com.omak.CinemaStar;
				PRODUCT_NAME = "$(TARGET_NAME)";
				SWIFT_EMIT_LOC_STRINGS = YES;
				SWIFT_VERSION = 5.0;
				TARGETED_DEVICE_FAMILY = "1,2";
			};
			name = Release;
		};
/* End XCBuildConfiguration section */

/* Begin XCConfigurationList section */
		6F4342632BD68BD70048C64B /* Build configuration list for PBXProject "CinemaStar" */ = {
			isa = XCConfigurationList;
			buildConfigurations = (
				6F4342902BD68BD90048C64B /* Debug */,
				6F4342912BD68BD90048C64B /* Release */,
			);
			defaultConfigurationIsVisible = 0;
			defaultConfigurationName = Release;
		};
		6F4342922BD68BD90048C64B /* Build configuration list for PBXNativeTarget "CinemaStar" */ = {
			isa = XCConfigurationList;
			buildConfigurations = (
				6F4342932BD68BD90048C64B /* Debug */,
				6F4342942BD68BD90048C64B /* Release */,
			);
			defaultConfigurationIsVisible = 0;
			defaultConfigurationName = Release;
		};
/* End XCConfigurationList section */

/* Begin XCRemoteSwiftPackageReference section */
		6F6E155F2BDD5222008F1776 /* XCRemoteSwiftPackageReference "keychain-swift" */ = {
			isa = XCRemoteSwiftPackageReference;
			repositoryURL = "https://github.com/evgenyneu/keychain-swift";
			requirement = {
				kind = upToNextMajorVersion;
				minimumVersion = 24.0.0;
			};
		};
/* End XCRemoteSwiftPackageReference section */

/* Begin XCSwiftPackageProductDependency section */
		6F6E15602BDD5222008F1776 /* KeychainSwift */ = {
			isa = XCSwiftPackageProductDependency;
			package = 6F6E155F2BDD5222008F1776 /* XCRemoteSwiftPackageReference "keychain-swift" */;
			productName = KeychainSwift;
		};
/* End XCSwiftPackageProductDependency section */
	};
	rootObject = 6F4342602BD68BD70048C64B /* Project object */;
}
